Microsoft Visual Studio Solution File, Format Version 10.00
# Visual Studio 2008
Project("{8BC9CEB8-8B4A-11D0-8D11-00A0C91BC942}") = "Finder", "libraries\Finder\Finder.vcproj", "{4EE7C012-89FE-409D-8306-68C59DE9BC56}"
EndProject
Project("{8BC9CEB8-8B4A-11D0-8D11-00A0C91BC942}") = "HookAPI", "libraries\HookAPI\HookAPI.vcproj", "{98BA2BAC-806A-430F-9B5E-6E4DD847A512}"
EndProject
Project("{8BC9CEB8-8B4A-11D0-8D11-00A0C91BC942}") = "Luna", "utilities\Luna\Luna.vcproj", "{42ACA40F-393C-4412-9709-CBAA776D1537}"
EndProject
Project("{8BC9CEB8-8B4A-11D0-8D11-00A0C91BC942}") = "Common", "libraries\Common\Common.vcproj", "{424446E0-C562-4BF6-87F6-A1AA9DFFE9BD}"
EndProject
Project("{8BC9CEB8-8B4A-11D0-8D11-00A0C91BC942}") = "PropTool", "utilities\PropTool\PropTool.vcproj", "{55C17C56-0658-470B-9C01-C28838586422}"
EndProject
Project("{8BC9CEB8-8B4A-11D0-8D11-00A0C91BC942}") = "CodeGen", "libraries\CodeGen\CodeGen.vcproj", "{15659B3D-2AE6-403D-AA91-7A56C252F454}"
EndProject
Project("{8BC9CEB8-8B4A-11D0-8D11-00A0C91BC942}") = "NSCopy", "utilities\NSCopy\NSCopy.vcproj", "{C580839C-A81C-49AD-BBB9-F8CD9923D5E1}"
EndProject
Project("{8BC9CEB8-8B4A-11D0-8D11-00A0C91BC942}") = "Undo", "libraries\Undo\Undo.vcproj", "{AA86FEA7-AA10-4870-8C71-C6D5A94D2FE5}"
EndProject
Project("{8BC9CEB8-8B4A-11D0-8D11-00A0C91BC942}") = "TextureProcess", "libraries\TextureProcess\TextureProcess.vcproj", "{F02AFE63-4A0A-4856-A6C3-0C6A7F866763}"
EndProject
Project("{8BC9CEB8-8B4A-11D0-8D11-00A0C91BC942}") = "Debug", "libraries\Debug\Debug.vcproj", "{1A179B8F-2027-467A-AB0C-7E90575C0F03}"
EndProject
Project("{8BC9CEB8-8B4A-11D0-8D11-00A0C91BC942}") = "NSL", "libraries\NSL\NSL.vcproj", "{A0FF2C19-D29F-4969-A959-E4D8A5C4B44F}"
EndProject
Project("{8BC9CEB8-8B4A-11D0-8D11-00A0C91BC942}") = "FileBrowser", "libraries\FileBrowser\FileBrowser.vcproj", "{D0028BA8-6457-4115-8EB1-924A14B2306F}"
EndProject
Project("{8BC9CEB8-8B4A-11D0-8D11-00A0C91BC942}") = "MayaUtils", "libraries\MayaUtils\MayaUtils.vcproj", "{0FBA8851-5A4E-4CEB-B24C-9487E9B9AF4A}"
EndProject
Project("{8BC9CEB8-8B4A-11D0-8D11-00A0C91BC942}") = "InspectContent", "libraries\InspectContent\InspectContent.vcproj", "{F2A5F05D-41A6-4FFB-82E4-611273CEAAB1}"
EndProject
Project("{8BC9CEB8-8B4A-11D0-8D11-00A0C91BC942}") = "Console", "libraries\Console\Console.vcproj", "{1E9F45BD-AE62-4A12-8A09-56665F644B79}"
EndProject
Project("{8BC9CEB8-8B4A-11D0-8D11-00A0C91BC942}") = "EventSystem", "libraries\EventSystem\EventSystem.vcproj", "{1A2BBC03-2AA7-4F29-95D1-53BFC285CD7D}"
EndProject
Project("{8BC9CEB8-8B4A-11D0-8D11-00A0C91BC942}") = "CleanupCacheFiles", "utilities\CleanupCacheFiles\CleanupCacheFiles.vcproj", "{B7BE6ED9-BA82-4503-8FE3-0591C5F9BEED}"
EndProject
Project("{8BC9CEB8-8B4A-11D0-8D11-00A0C91BC942}") = "MayaExporter", "Maya\MayaExporter\MayaExporter.vcproj", "{8CAC5D5D-039C-4E34-A355-9668871D6EEE}"
EndProject
Project("{8BC9CEB8-8B4A-11D0-8D11-00A0C91BC942}") = "Reflector", "utilities\Reflector\Reflector.vcproj", "{2B5EA00D-1444-40F2-8579-34D1813A1149}"
EndProject
Project("{8BC9CEB8-8B4A-11D0-8D11-00A0C91BC942}") = "Inspect", "libraries\Inspect\Inspect.vcproj", "{085AF6CC-A09C-4B8D-98B7-C57BC9D7CB18}"
EndProject
Project("{8BC9CEB8-8B4A-11D0-8D11-00A0C91BC942}") = "PerforceUI", "libraries\PerforceUI\PerforceUI.vcproj", "{75D0DF92-E7C4-4F46-A67A-3B8914477892}"
EndProject
Project("{8BC9CEB8-8B4A-11D0-8D11-00A0C91BC942}") = "igDXContent", "libraries\igDXContent\igDXContent.vcproj", "{54F28FC6-3329-4BBD-BBC5-F0E7AC7A0FE1}"
EndProject
Project("{8BC9CEB8-8B4A-11D0-8D11-00A0C91BC942}") = "IPC", "libraries\IPC\ipc.vcproj", "{072476F0-F19F-44E9-ABBD-4299805961D1}"
EndProject
Project("{8BC9CEB8-8B4A-11D0-8D11-00A0C91BC942}") = "Rebuild", "utilities\Rebuild\rebuild.vcproj", "{0CA7E77E-15CF-43C7-A106-D3752E650A80}"
EndProject
Project("{8BC9CEB8-8B4A-11D0-8D11-00A0C91BC942}") = "Dependencies", "libraries\Dependencies\Dependencies.vcproj", "{F01E02C5-A33D-4681-96F6-E1FAA8BC265A}"
EndProject
Project("{8BC9CEB8-8B4A-11D0-8D11-00A0C91BC942}") = "Profile", "libraries\Profile\profile.vcproj", "{CF4C2A21-3991-4E26-8C68-EEDF6654B8B4}"
EndProject
Project("{8BC9CEB8-8B4A-11D0-8D11-00A0C91BC942}") = "SmartLoader", "libraries\SmartLoader\SmartLoader.vcproj", "{6924A2EA-8CD4-40A1-9574-50F3AECC266D}"
EndProject
Project("{8BC9CEB8-8B4A-11D0-8D11-00A0C91BC942}") = "Content", "libraries\Content\Content.vcproj", "{51249970-F796-4344-B558-4147F3225C30}"
EndProject
Project("{8BC9CEB8-8B4A-11D0-8D11-00A0C91BC942}") = "MayaMeshSetup", "Maya\MayaMeshSetup\MayaMeshSetup.vcproj", "{0EB25C89-540D-48DB-8410-53EB39507242}"
EndProject
Project("{8BC9CEB8-8B4A-11D0-8D11-00A0C91BC942}") = "Attribute", "libraries\Attribute\Attribute.vcproj", "{A99087C6-C475-485A-8911-ACB7683156FF}"
EndProject
Project("{8BC9CEB8-8B4A-11D0-8D11-00A0C91BC942}") = "MayaNodes", "Maya\MayaNodes\MayaNodes.vcproj", "{AD81A1CA-7375-4753-B085-D5422D7AD649}"
EndProject
Project("{8BC9CEB8-8B4A-11D0-8D11-00A0C91BC942}") = "SmartBuffer", "libraries\smartbuffer\smartbuffer.vcproj", "{FADD81C4-992F-4492-9750-C1F4B208EBD1}"
EndProject
Project("{8BC9CEB8-8B4A-11D0-8D11-00A0C91BC942}") = "File", "libraries\File\File.vcproj", "{122FA330-2209-4BF0-A359-9C0C113369E2}"
EndProject
Project("{8BC9CEB8-8B4A-11D0-8D11-00A0C91BC942}") = "SQL", "libraries\SQL\SQL.vcproj", "{45D62969-BE7F-4605-B43B-8586C28DD77D}"
EndProject
Project("{8BC9CEB8-8B4A-11D0-8D11-00A0C91BC942}") = "RCS", "libraries\RCS\rcs.vcproj", "{6E1F0C16-ECEA-490C-8621-9760187C9D8E}"
EndProject
Project("{8BC9CEB8-8B4A-11D0-8D11-00A0C91BC942}") = "RCSHooks", "libraries\RCSHooks\RCSHooks.vcproj", "{E589D5AD-BDF7-45F9-BCAD-D7B1136C951B}"
EndProject
Project("{8BC9CEB8-8B4A-11D0-8D11-00A0C91BC942}") = "Worker", "libraries\Worker\Worker.vcproj", "{B3F3E187-E372-4A23-B9DA-5FCCE712D174}"
EndProject
Project("{8BC9CEB8-8B4A-11D0-8D11-00A0C91BC942}") = "InspectReflect", "libraries\InspectReflect\InspectReflect.vcproj", "{ED5B2A66-1F2C-40C1-BC4B-C2AA1D2B7632}"
EndProject
Project("{8BC9CEB8-8B4A-11D0-8D11-00A0C91BC942}") = "ProfileView", "utilities\ProfileView\ProfileView.vcproj", "{AAD6C412-3CCF-47DD-873F-11E0EEF38C77}"
EndProject
Project("{8BC9CEB8-8B4A-11D0-8D11-00A0C91BC942}") = "UniqueID", "libraries\UniqueID\UniqueID.vcproj", "{3280E624-B882-4835-88C7-97DE5115D19D}"
EndProject
Project("{8BC9CEB8-8B4A-11D0-8D11-00A0C91BC942}") = "Platform", "libraries\Platform\platform.vcproj", "{4BC148DF-F832-4724-B9B9-2550D848E737}"
EndProject
Project("{8BC9CEB8-8B4A-11D0-8D11-00A0C91BC942}") = "BuildTool", "utilities\BuildTool\BuildTool.vcproj", "{469EA158-42B0-40EC-90A8-BAD0CCF649F2}"
EndProject
Project("{8BC9CEB8-8B4A-11D0-8D11-00A0C91BC942}") = "FileSystem", "libraries\FileSystem\FileSystem.vcproj", "{02269037-5B51-467E-A224-B56D816CDFD9}"
EndProject
Project("{8BC9CEB8-8B4A-11D0-8D11-00A0C91BC942}") = "Math", "libraries\Math\math.vcproj", "{EBC5862F-F9EF-4CA6-AB18-F930074011AB}"
EndProject
Project("{8BC9CEB8-8B4A-11D0-8D11-00A0C91BC942}") = "Windows", "libraries\Windows\Windows.vcproj", "{D4A0E7F0-4556-4FA8-A059-F0AFDFACD7EF}"
EndProject
Project("{8BC9CEB8-8B4A-11D0-8D11-00A0C91BC942}") = "AssetBuilder", "libraries\AssetBuilder\AssetBuilder.vcproj", "{296B05EC-7929-4E23-942C-FA953BB5602D}"
EndProject
Project("{8BC9CEB8-8B4A-11D0-8D11-00A0C91BC942}") = "AppUtils", "libraries\AppUtils\AppUtils.vcproj", "{82FA5300-7B8A-4B72-A404-D5748984A231}"
EndProject
Project("{8BC9CEB8-8B4A-11D0-8D11-00A0C91BC942}") = "Asset", "libraries\Asset\Asset.vcproj", "{89167DD4-39A9-444A-8ED9-CAB1B35A0DEA}"
EndProject
Project("{8BC9CEB8-8B4A-11D0-8D11-00A0C91BC942}") = "Reflect", "libraries\Reflect\reflect.vcproj", "{F3DB1BFC-9BD1-443F-965A-E05E9D95E6AB}"
EndProject
Project("{8BC9CEB8-8B4A-11D0-8D11-00A0C91BC942}") = "FragmentShader", "utilities\FragmentShader\FragmentShader.vcproj", "{83516907-853B-41DA-AB81-7458E6927DE3}"
EndProject
Project("{8BC9CEB8-8B4A-11D0-8D11-00A0C91BC942}") = "Perforce", "libraries\Perforce\perforce.vcproj", "{9270A244-6F23-48F9-9382-0CCBADBDC0EE}"
EndProject
Project("{8BC9CEB8-8B4A-11D0-8D11-00A0C91BC942}") = "Config", "libraries\Config\Config.vcproj", "{9A5F748B-36D3-4C62-9257-EBBF94BB072E}"
EndProject
Project("{8BC9CEB8-8B4A-11D0-8D11-00A0C91BC942}") = "Texture", "libraries\Texture\Texture.vcproj", "{3D90DA7D-4FA4-4DB0-8CCD-6FE9D470F75A}"
EndProject
Project("{8BC9CEB8-8B4A-11D0-8D11-00A0C91BC942}") = "TUID", "libraries\TUID\TUID.vcproj", "{74EBA5CC-62CC-4C95-9191-618AFEF3BEC0}"
EndProject
Project("{8BC9CEB8-8B4A-11D0-8D11-00A0C91BC942}") = "DebugUI", "libraries\DebugUI\DebugUI.vcproj", "{09C23AAB-CEB0-4254-82F5-15547D30AFE9}"
EndProject
Project("{8BC9CEB8-8B4A-11D0-8D11-00A0C91BC942}") = "InspectFile", "libraries\InspectFile\InspectFile.vcproj", "{44FD2A28-FC17-4B3E-AAE5-C3DBDD3192E5}"
EndProject
Project("{8BC9CEB8-8B4A-11D0-8D11-00A0C91BC942}") = "MayaShaderManager", "Maya\MayaShaderManager\MayaShaderManager.vcproj", "{159B2F9B-B5FD-40D8-96B0-3492D1684C4F}"
EndProject
Project("{8BC9CEB8-8B4A-11D0-8D11-00A0C91BC942}") = "MayaCore", "Maya\MayaCore\MayaCore.vcproj", "{0E85A01E-6BFC-4DF8-BE0D-5F6FAB8AF587}"
EndProject
Project("{8BC9CEB8-8B4A-11D0-8D11-00A0C91BC942}") = "UIToolKit", "libraries\UIToolKit\UIToolKit.vcproj", "{AA7F3535-378A-4C3C-9B2C-8E59DCD11BDF}"
EndProject
Project("{8BC9CEB8-8B4A-11D0-8D11-00A0C91BC942}") = "igDXRender", "libraries\igDXRender\igDXRender.vcproj", "{2E9BA35F-931E-44F5-8374-22CE63DB8BDF}"
EndProject
Project("{8BC9CEB8-8B4A-11D0-8D11-00A0C91BC942}") = "ProfileDump", "utilities\ProfileDump\ProfileDump.vcproj", "{89F56274-1A64-4AF6-B548-5A70C287A0AD}"
EndProject
Project("{8BC9CEB8-8B4A-11D0-8D11-00A0C91BC942}") = "MayaContent", "libraries\MayaContent\MayaContent.vcproj", "{F4DC89ED-DA34-4659-974A-ED2A01951F1C}"
EndProject
Project("{8BC9CEB8-8B4A-11D0-8D11-00A0C91BC942}") = "Expat", "SDK\Expat\2.01\Expat.vcproj", "{533F2B69-13FC-4557-9D26-517FDA493D75}"
EndProject
Project("{8BC9CEB8-8B4A-11D0-8D11-00A0C91BC942}") = "MySQL", "SDK\MySQL\6.0.2\MySQL.vcproj", "{1EBDB40D-9808-463B-AA43-04D65586485F}"
EndProject
Project("{8BC9CEB8-8B4A-11D0-8D11-00A0C91BC942}") = "SQLite", "SDK\SQLite\3.6.23.1\SQLite.vcproj", "{190A611A-399F-47F6-B686-DF40C8B20F84}"
EndProject
Project("{8BC9CEB8-8B4A-11D0-8D11-00A0C91BC942}") = "TinyXML", "SDK\TinyXML\2.6.1\TinyXML.vcproj", "{06092F0D-324B-484D-A9ED-397DFF76AE53}"
EndProject
Project("{8BC9CEB8-8B4A-11D0-8D11-00A0C91BC942}") = "zlib", "SDK\zlib\1.2.5\zlib.vcproj", "{CFCA9C73-C321-48BA-8F29-097FD061EBB1}"
EndProject
Project("{8BC9CEB8-8B4A-11D0-8D11-00A0C91BC942}") = "Crypto++", "SDK\Crypto++\5.6.0\Crypto++.vcproj", "{3423EC9A-52E4-4A4D-9753-EDEBC38785EF}"
EndProject
Project("{8BC9CEB8-8B4A-11D0-8D11-00A0C91BC942}") = "wxPropertyGrid", "SDK\wxPropertyGrid\1.4.11\wxPropertyGrid.vcproj", "{ECA5FC4D-29CE-5030-9175-551834BF6CB0}"
EndProject
Project("{8BC9CEB8-8B4A-11D0-8D11-00A0C91BC942}") = "squish", "SDK\squish\1.10\squish.vcproj", "{CF9387AB-7C10-4217-A248-575EE8610008}"
EndProject
Project("{8BC9CEB8-8B4A-11D0-8D11-00A0C91BC942}") = "nvtt", "SDK\nvtt\2.0.7\nvtt.vcproj", "{1A02AC8B-51F6-46CD-A5BB-0B3F09FB2ABF}"
EndProject
Project("{8BC9CEB8-8B4A-11D0-8D11-00A0C91BC942}") = "tiff", "SDK\tiff\3.9.2\tiff.vcproj", "{BC01F636-4D0F-489D-B082-7538025CE185}"
EndProject
Global
	GlobalSection(SolutionConfigurationPlatforms) = preSolution
		Debug|Win32 = Debug|Win32
		Debug|x64 = Debug|x64
		Release|Win32 = Release|Win32
		Release|x64 = Release|x64
	EndGlobalSection
	GlobalSection(ProjectConfigurationPlatforms) = postSolution
		{4EE7C012-89FE-409D-8306-68C59DE9BC56}.Debug|Win32.ActiveCfg = Debug|Win32
		{4EE7C012-89FE-409D-8306-68C59DE9BC56}.Debug|Win32.Build.0 = Debug|Win32
		{4EE7C012-89FE-409D-8306-68C59DE9BC56}.Debug|x64.ActiveCfg = Debug|Win32
		{4EE7C012-89FE-409D-8306-68C59DE9BC56}.Release|Win32.ActiveCfg = Release|Win32
		{4EE7C012-89FE-409D-8306-68C59DE9BC56}.Release|Win32.Build.0 = Release|Win32
		{4EE7C012-89FE-409D-8306-68C59DE9BC56}.Release|x64.ActiveCfg = Release|Win32
		{98BA2BAC-806A-430F-9B5E-6E4DD847A512}.Debug|Win32.ActiveCfg = Debug|Win32
		{98BA2BAC-806A-430F-9B5E-6E4DD847A512}.Debug|Win32.Build.0 = Debug|Win32
		{98BA2BAC-806A-430F-9B5E-6E4DD847A512}.Debug|x64.ActiveCfg = Debug|Win32
		{98BA2BAC-806A-430F-9B5E-6E4DD847A512}.Release|Win32.ActiveCfg = Release|Win32
		{98BA2BAC-806A-430F-9B5E-6E4DD847A512}.Release|Win32.Build.0 = Release|Win32
		{98BA2BAC-806A-430F-9B5E-6E4DD847A512}.Release|x64.ActiveCfg = Release|Win32
		{42ACA40F-393C-4412-9709-CBAA776D1537}.Debug|Win32.ActiveCfg = Debug|Win32
		{42ACA40F-393C-4412-9709-CBAA776D1537}.Debug|Win32.Build.0 = Debug|Win32
		{42ACA40F-393C-4412-9709-CBAA776D1537}.Debug|x64.ActiveCfg = Debug|Win32
		{42ACA40F-393C-4412-9709-CBAA776D1537}.Release|Win32.ActiveCfg = Release|Win32
		{42ACA40F-393C-4412-9709-CBAA776D1537}.Release|Win32.Build.0 = Release|Win32
		{42ACA40F-393C-4412-9709-CBAA776D1537}.Release|x64.ActiveCfg = Release|Win32
		{424446E0-C562-4BF6-87F6-A1AA9DFFE9BD}.Debug|Win32.ActiveCfg = Debug|Win32
		{424446E0-C562-4BF6-87F6-A1AA9DFFE9BD}.Debug|Win32.Build.0 = Debug|Win32
		{424446E0-C562-4BF6-87F6-A1AA9DFFE9BD}.Debug|x64.ActiveCfg = Debug|Win32
		{424446E0-C562-4BF6-87F6-A1AA9DFFE9BD}.Release|Win32.ActiveCfg = Release|Win32
		{424446E0-C562-4BF6-87F6-A1AA9DFFE9BD}.Release|Win32.Build.0 = Release|Win32
		{424446E0-C562-4BF6-87F6-A1AA9DFFE9BD}.Release|x64.ActiveCfg = Release|Win32
		{55C17C56-0658-470B-9C01-C28838586422}.Debug|Win32.ActiveCfg = Debug|Win32
		{55C17C56-0658-470B-9C01-C28838586422}.Debug|Win32.Build.0 = Debug|Win32
		{55C17C56-0658-470B-9C01-C28838586422}.Debug|x64.ActiveCfg = Debug|Win32
		{55C17C56-0658-470B-9C01-C28838586422}.Release|Win32.ActiveCfg = Release|Win32
		{55C17C56-0658-470B-9C01-C28838586422}.Release|Win32.Build.0 = Release|Win32
		{55C17C56-0658-470B-9C01-C28838586422}.Release|x64.ActiveCfg = Release|Win32
		{15659B3D-2AE6-403D-AA91-7A56C252F454}.Debug|Win32.ActiveCfg = Debug|Win32
		{15659B3D-2AE6-403D-AA91-7A56C252F454}.Debug|Win32.Build.0 = Debug|Win32
		{15659B3D-2AE6-403D-AA91-7A56C252F454}.Debug|x64.ActiveCfg = Debug|Win32
		{15659B3D-2AE6-403D-AA91-7A56C252F454}.Release|Win32.ActiveCfg = Release|Win32
		{15659B3D-2AE6-403D-AA91-7A56C252F454}.Release|Win32.Build.0 = Release|Win32
		{15659B3D-2AE6-403D-AA91-7A56C252F454}.Release|x64.ActiveCfg = Release|Win32
		{C580839C-A81C-49AD-BBB9-F8CD9923D5E1}.Debug|Win32.ActiveCfg = Debug|Win32
		{C580839C-A81C-49AD-BBB9-F8CD9923D5E1}.Debug|Win32.Build.0 = Debug|Win32
		{C580839C-A81C-49AD-BBB9-F8CD9923D5E1}.Debug|x64.ActiveCfg = Debug|Win32
		{C580839C-A81C-49AD-BBB9-F8CD9923D5E1}.Release|Win32.ActiveCfg = Release|Win32
		{C580839C-A81C-49AD-BBB9-F8CD9923D5E1}.Release|Win32.Build.0 = Release|Win32
		{C580839C-A81C-49AD-BBB9-F8CD9923D5E1}.Release|x64.ActiveCfg = Release|Win32
		{AA86FEA7-AA10-4870-8C71-C6D5A94D2FE5}.Debug|Win32.ActiveCfg = Debug|Win32
		{AA86FEA7-AA10-4870-8C71-C6D5A94D2FE5}.Debug|Win32.Build.0 = Debug|Win32
		{AA86FEA7-AA10-4870-8C71-C6D5A94D2FE5}.Debug|x64.ActiveCfg = Debug|Win32
		{AA86FEA7-AA10-4870-8C71-C6D5A94D2FE5}.Release|Win32.ActiveCfg = Release|Win32
		{AA86FEA7-AA10-4870-8C71-C6D5A94D2FE5}.Release|Win32.Build.0 = Release|Win32
		{AA86FEA7-AA10-4870-8C71-C6D5A94D2FE5}.Release|x64.ActiveCfg = Release|Win32
		{F02AFE63-4A0A-4856-A6C3-0C6A7F866763}.Debug|Win32.ActiveCfg = Debug|Win32
		{F02AFE63-4A0A-4856-A6C3-0C6A7F866763}.Debug|Win32.Build.0 = Debug|Win32
		{F02AFE63-4A0A-4856-A6C3-0C6A7F866763}.Debug|x64.ActiveCfg = Debug|Win32
		{F02AFE63-4A0A-4856-A6C3-0C6A7F866763}.Release|Win32.ActiveCfg = Release|Win32
		{F02AFE63-4A0A-4856-A6C3-0C6A7F866763}.Release|Win32.Build.0 = Release|Win32
		{F02AFE63-4A0A-4856-A6C3-0C6A7F866763}.Release|x64.ActiveCfg = Release|Win32
		{1A179B8F-2027-467A-AB0C-7E90575C0F03}.Debug|Win32.ActiveCfg = Debug|Win32
		{1A179B8F-2027-467A-AB0C-7E90575C0F03}.Debug|Win32.Build.0 = Debug|Win32
		{1A179B8F-2027-467A-AB0C-7E90575C0F03}.Debug|x64.ActiveCfg = Debug|Win32
		{1A179B8F-2027-467A-AB0C-7E90575C0F03}.Release|Win32.ActiveCfg = Release|Win32
		{1A179B8F-2027-467A-AB0C-7E90575C0F03}.Release|Win32.Build.0 = Release|Win32
		{1A179B8F-2027-467A-AB0C-7E90575C0F03}.Release|x64.ActiveCfg = Release|Win32
		{A0FF2C19-D29F-4969-A959-E4D8A5C4B44F}.Debug|Win32.ActiveCfg = Debug|Win32
		{A0FF2C19-D29F-4969-A959-E4D8A5C4B44F}.Debug|Win32.Build.0 = Debug|Win32
		{A0FF2C19-D29F-4969-A959-E4D8A5C4B44F}.Debug|x64.ActiveCfg = Debug|Win32
		{A0FF2C19-D29F-4969-A959-E4D8A5C4B44F}.Release|Win32.ActiveCfg = Release|Win32
		{A0FF2C19-D29F-4969-A959-E4D8A5C4B44F}.Release|Win32.Build.0 = Release|Win32
		{A0FF2C19-D29F-4969-A959-E4D8A5C4B44F}.Release|x64.ActiveCfg = Release|Win32
		{D0028BA8-6457-4115-8EB1-924A14B2306F}.Debug|Win32.ActiveCfg = Debug|Win32
		{D0028BA8-6457-4115-8EB1-924A14B2306F}.Debug|Win32.Build.0 = Debug|Win32
		{D0028BA8-6457-4115-8EB1-924A14B2306F}.Debug|x64.ActiveCfg = Debug|Win32
		{D0028BA8-6457-4115-8EB1-924A14B2306F}.Release|Win32.ActiveCfg = Release|Win32
		{D0028BA8-6457-4115-8EB1-924A14B2306F}.Release|Win32.Build.0 = Release|Win32
		{D0028BA8-6457-4115-8EB1-924A14B2306F}.Release|x64.ActiveCfg = Release|Win32
		{0FBA8851-5A4E-4CEB-B24C-9487E9B9AF4A}.Debug|Win32.ActiveCfg = Debug|Win32
		{0FBA8851-5A4E-4CEB-B24C-9487E9B9AF4A}.Debug|Win32.Build.0 = Debug|Win32
		{0FBA8851-5A4E-4CEB-B24C-9487E9B9AF4A}.Debug|x64.ActiveCfg = Debug|Win32
		{0FBA8851-5A4E-4CEB-B24C-9487E9B9AF4A}.Release|Win32.ActiveCfg = Release|Win32
		{0FBA8851-5A4E-4CEB-B24C-9487E9B9AF4A}.Release|Win32.Build.0 = Release|Win32
		{0FBA8851-5A4E-4CEB-B24C-9487E9B9AF4A}.Release|x64.ActiveCfg = Release|Win32
		{F2A5F05D-41A6-4FFB-82E4-611273CEAAB1}.Debug|Win32.ActiveCfg = Debug|Win32
		{F2A5F05D-41A6-4FFB-82E4-611273CEAAB1}.Debug|Win32.Build.0 = Debug|Win32
		{F2A5F05D-41A6-4FFB-82E4-611273CEAAB1}.Debug|x64.ActiveCfg = Debug|Win32
		{F2A5F05D-41A6-4FFB-82E4-611273CEAAB1}.Release|Win32.ActiveCfg = Release|Win32
		{F2A5F05D-41A6-4FFB-82E4-611273CEAAB1}.Release|Win32.Build.0 = Release|Win32
		{F2A5F05D-41A6-4FFB-82E4-611273CEAAB1}.Release|x64.ActiveCfg = Release|Win32
		{1E9F45BD-AE62-4A12-8A09-56665F644B79}.Debug|Win32.ActiveCfg = Debug|Win32
		{1E9F45BD-AE62-4A12-8A09-56665F644B79}.Debug|Win32.Build.0 = Debug|Win32
		{1E9F45BD-AE62-4A12-8A09-56665F644B79}.Debug|x64.ActiveCfg = Debug|Win32
		{1E9F45BD-AE62-4A12-8A09-56665F644B79}.Release|Win32.ActiveCfg = Release|Win32
		{1E9F45BD-AE62-4A12-8A09-56665F644B79}.Release|Win32.Build.0 = Release|Win32
		{1E9F45BD-AE62-4A12-8A09-56665F644B79}.Release|x64.ActiveCfg = Release|Win32
		{1A2BBC03-2AA7-4F29-95D1-53BFC285CD7D}.Debug|Win32.ActiveCfg = Debug|Win32
		{1A2BBC03-2AA7-4F29-95D1-53BFC285CD7D}.Debug|Win32.Build.0 = Debug|Win32
		{1A2BBC03-2AA7-4F29-95D1-53BFC285CD7D}.Debug|x64.ActiveCfg = Debug|Win32
		{1A2BBC03-2AA7-4F29-95D1-53BFC285CD7D}.Release|Win32.ActiveCfg = Release|Win32
		{1A2BBC03-2AA7-4F29-95D1-53BFC285CD7D}.Release|Win32.Build.0 = Release|Win32
		{1A2BBC03-2AA7-4F29-95D1-53BFC285CD7D}.Release|x64.ActiveCfg = Release|Win32
		{B7BE6ED9-BA82-4503-8FE3-0591C5F9BEED}.Debug|Win32.ActiveCfg = Debug|Win32
		{B7BE6ED9-BA82-4503-8FE3-0591C5F9BEED}.Debug|Win32.Build.0 = Debug|Win32
		{B7BE6ED9-BA82-4503-8FE3-0591C5F9BEED}.Debug|x64.ActiveCfg = Debug|Win32
		{B7BE6ED9-BA82-4503-8FE3-0591C5F9BEED}.Release|Win32.ActiveCfg = Release|Win32
		{B7BE6ED9-BA82-4503-8FE3-0591C5F9BEED}.Release|Win32.Build.0 = Release|Win32
		{B7BE6ED9-BA82-4503-8FE3-0591C5F9BEED}.Release|x64.ActiveCfg = Release|Win32
		{8CAC5D5D-039C-4E34-A355-9668871D6EEE}.Debug|Win32.ActiveCfg = Debug|Win32
		{8CAC5D5D-039C-4E34-A355-9668871D6EEE}.Debug|Win32.Build.0 = Debug|Win32
		{8CAC5D5D-039C-4E34-A355-9668871D6EEE}.Debug|x64.ActiveCfg = Debug|Win32
		{8CAC5D5D-039C-4E34-A355-9668871D6EEE}.Release|Win32.ActiveCfg = Release|Win32
		{8CAC5D5D-039C-4E34-A355-9668871D6EEE}.Release|Win32.Build.0 = Release|Win32
		{8CAC5D5D-039C-4E34-A355-9668871D6EEE}.Release|x64.ActiveCfg = Release|Win32
		{2B5EA00D-1444-40F2-8579-34D1813A1149}.Debug|Win32.ActiveCfg = Debug|Win32
		{2B5EA00D-1444-40F2-8579-34D1813A1149}.Debug|Win32.Build.0 = Debug|Win32
		{2B5EA00D-1444-40F2-8579-34D1813A1149}.Debug|x64.ActiveCfg = Debug|Win32
		{2B5EA00D-1444-40F2-8579-34D1813A1149}.Release|Win32.ActiveCfg = Release|Win32
		{2B5EA00D-1444-40F2-8579-34D1813A1149}.Release|Win32.Build.0 = Release|Win32
		{2B5EA00D-1444-40F2-8579-34D1813A1149}.Release|x64.ActiveCfg = Release|Win32
		{085AF6CC-A09C-4B8D-98B7-C57BC9D7CB18}.Debug|Win32.ActiveCfg = Debug|Win32
		{085AF6CC-A09C-4B8D-98B7-C57BC9D7CB18}.Debug|Win32.Build.0 = Debug|Win32
		{085AF6CC-A09C-4B8D-98B7-C57BC9D7CB18}.Debug|x64.ActiveCfg = Debug|Win32
		{085AF6CC-A09C-4B8D-98B7-C57BC9D7CB18}.Release|Win32.ActiveCfg = Release|Win32
		{085AF6CC-A09C-4B8D-98B7-C57BC9D7CB18}.Release|Win32.Build.0 = Release|Win32
		{085AF6CC-A09C-4B8D-98B7-C57BC9D7CB18}.Release|x64.ActiveCfg = Release|Win32
		{75D0DF92-E7C4-4F46-A67A-3B8914477892}.Debug|Win32.ActiveCfg = Debug|Win32
		{75D0DF92-E7C4-4F46-A67A-3B8914477892}.Debug|Win32.Build.0 = Debug|Win32
		{75D0DF92-E7C4-4F46-A67A-3B8914477892}.Debug|x64.ActiveCfg = Debug|Win32
		{75D0DF92-E7C4-4F46-A67A-3B8914477892}.Release|Win32.ActiveCfg = Release|Win32
		{75D0DF92-E7C4-4F46-A67A-3B8914477892}.Release|Win32.Build.0 = Release|Win32
		{75D0DF92-E7C4-4F46-A67A-3B8914477892}.Release|x64.ActiveCfg = Release|Win32
		{54F28FC6-3329-4BBD-BBC5-F0E7AC7A0FE1}.Debug|Win32.ActiveCfg = Debug|Win32
		{54F28FC6-3329-4BBD-BBC5-F0E7AC7A0FE1}.Debug|Win32.Build.0 = Debug|Win32
		{54F28FC6-3329-4BBD-BBC5-F0E7AC7A0FE1}.Debug|x64.ActiveCfg = Debug|Win32
		{54F28FC6-3329-4BBD-BBC5-F0E7AC7A0FE1}.Release|Win32.ActiveCfg = Release|Win32
		{54F28FC6-3329-4BBD-BBC5-F0E7AC7A0FE1}.Release|Win32.Build.0 = Release|Win32
		{54F28FC6-3329-4BBD-BBC5-F0E7AC7A0FE1}.Release|x64.ActiveCfg = Release|Win32
		{072476F0-F19F-44E9-ABBD-4299805961D1}.Debug|Win32.ActiveCfg = Debug|Win32
		{072476F0-F19F-44E9-ABBD-4299805961D1}.Debug|Win32.Build.0 = Debug|Win32
		{072476F0-F19F-44E9-ABBD-4299805961D1}.Debug|x64.ActiveCfg = Debug|Win32
		{072476F0-F19F-44E9-ABBD-4299805961D1}.Release|Win32.ActiveCfg = Release|Win32
		{072476F0-F19F-44E9-ABBD-4299805961D1}.Release|Win32.Build.0 = Release|Win32
		{072476F0-F19F-44E9-ABBD-4299805961D1}.Release|x64.ActiveCfg = Release|Win32
		{0CA7E77E-15CF-43C7-A106-D3752E650A80}.Debug|Win32.ActiveCfg = Debug|Win32
		{0CA7E77E-15CF-43C7-A106-D3752E650A80}.Debug|Win32.Build.0 = Debug|Win32
		{0CA7E77E-15CF-43C7-A106-D3752E650A80}.Debug|x64.ActiveCfg = Debug|Win32
		{0CA7E77E-15CF-43C7-A106-D3752E650A80}.Release|Win32.ActiveCfg = Release|Win32
		{0CA7E77E-15CF-43C7-A106-D3752E650A80}.Release|Win32.Build.0 = Release|Win32
		{0CA7E77E-15CF-43C7-A106-D3752E650A80}.Release|x64.ActiveCfg = Release|Win32
		{F01E02C5-A33D-4681-96F6-E1FAA8BC265A}.Debug|Win32.ActiveCfg = Debug|Win32
		{F01E02C5-A33D-4681-96F6-E1FAA8BC265A}.Debug|Win32.Build.0 = Debug|Win32
		{F01E02C5-A33D-4681-96F6-E1FAA8BC265A}.Debug|x64.ActiveCfg = Debug|Win32
		{F01E02C5-A33D-4681-96F6-E1FAA8BC265A}.Release|Win32.ActiveCfg = Release|Win32
		{F01E02C5-A33D-4681-96F6-E1FAA8BC265A}.Release|Win32.Build.0 = Release|Win32
		{F01E02C5-A33D-4681-96F6-E1FAA8BC265A}.Release|x64.ActiveCfg = Release|Win32
		{CF4C2A21-3991-4E26-8C68-EEDF6654B8B4}.Debug|Win32.ActiveCfg = Debug|Win32
		{CF4C2A21-3991-4E26-8C68-EEDF6654B8B4}.Debug|Win32.Build.0 = Debug|Win32
		{CF4C2A21-3991-4E26-8C68-EEDF6654B8B4}.Debug|x64.ActiveCfg = Debug|Win32
		{CF4C2A21-3991-4E26-8C68-EEDF6654B8B4}.Release|Win32.ActiveCfg = Release|Win32
		{CF4C2A21-3991-4E26-8C68-EEDF6654B8B4}.Release|Win32.Build.0 = Release|Win32
		{CF4C2A21-3991-4E26-8C68-EEDF6654B8B4}.Release|x64.ActiveCfg = Release|Win32
		{6924A2EA-8CD4-40A1-9574-50F3AECC266D}.Debug|Win32.ActiveCfg = Debug|Win32
		{6924A2EA-8CD4-40A1-9574-50F3AECC266D}.Debug|Win32.Build.0 = Debug|Win32
		{6924A2EA-8CD4-40A1-9574-50F3AECC266D}.Debug|x64.ActiveCfg = Debug|Win32
		{6924A2EA-8CD4-40A1-9574-50F3AECC266D}.Release|Win32.ActiveCfg = Release|Win32
		{6924A2EA-8CD4-40A1-9574-50F3AECC266D}.Release|Win32.Build.0 = Release|Win32
		{6924A2EA-8CD4-40A1-9574-50F3AECC266D}.Release|x64.ActiveCfg = Release|Win32
		{51249970-F796-4344-B558-4147F3225C30}.Debug|Win32.ActiveCfg = Debug|Win32
		{51249970-F796-4344-B558-4147F3225C30}.Debug|Win32.Build.0 = Debug|Win32
		{51249970-F796-4344-B558-4147F3225C30}.Debug|x64.ActiveCfg = Debug|Win32
		{51249970-F796-4344-B558-4147F3225C30}.Release|Win32.ActiveCfg = Release|Win32
		{51249970-F796-4344-B558-4147F3225C30}.Release|Win32.Build.0 = Release|Win32
		{51249970-F796-4344-B558-4147F3225C30}.Release|x64.ActiveCfg = Release|Win32
		{0EB25C89-540D-48DB-8410-53EB39507242}.Debug|Win32.ActiveCfg = Debug|Win32
		{0EB25C89-540D-48DB-8410-53EB39507242}.Debug|Win32.Build.0 = Debug|Win32
		{0EB25C89-540D-48DB-8410-53EB39507242}.Debug|x64.ActiveCfg = Debug|Win32
		{0EB25C89-540D-48DB-8410-53EB39507242}.Release|Win32.ActiveCfg = Release|Win32
		{0EB25C89-540D-48DB-8410-53EB39507242}.Release|Win32.Build.0 = Release|Win32
		{0EB25C89-540D-48DB-8410-53EB39507242}.Release|x64.ActiveCfg = Release|Win32
		{A99087C6-C475-485A-8911-ACB7683156FF}.Debug|Win32.ActiveCfg = Debug|Win32
		{A99087C6-C475-485A-8911-ACB7683156FF}.Debug|Win32.Build.0 = Debug|Win32
		{A99087C6-C475-485A-8911-ACB7683156FF}.Debug|x64.ActiveCfg = Debug|Win32
		{A99087C6-C475-485A-8911-ACB7683156FF}.Release|Win32.ActiveCfg = Release|Win32
		{A99087C6-C475-485A-8911-ACB7683156FF}.Release|Win32.Build.0 = Release|Win32
		{A99087C6-C475-485A-8911-ACB7683156FF}.Release|x64.ActiveCfg = Release|Win32
		{AD81A1CA-7375-4753-B085-D5422D7AD649}.Debug|Win32.ActiveCfg = Debug|Win32
		{AD81A1CA-7375-4753-B085-D5422D7AD649}.Debug|Win32.Build.0 = Debug|Win32
		{AD81A1CA-7375-4753-B085-D5422D7AD649}.Debug|x64.ActiveCfg = Debug|Win32
		{AD81A1CA-7375-4753-B085-D5422D7AD649}.Release|Win32.ActiveCfg = Release|Win32
		{AD81A1CA-7375-4753-B085-D5422D7AD649}.Release|Win32.Build.0 = Release|Win32
		{AD81A1CA-7375-4753-B085-D5422D7AD649}.Release|x64.ActiveCfg = Release|Win32
		{FADD81C4-992F-4492-9750-C1F4B208EBD1}.Debug|Win32.ActiveCfg = Debug|Win32
		{FADD81C4-992F-4492-9750-C1F4B208EBD1}.Debug|Win32.Build.0 = Debug|Win32
		{FADD81C4-992F-4492-9750-C1F4B208EBD1}.Debug|x64.ActiveCfg = Debug|Win32
		{FADD81C4-992F-4492-9750-C1F4B208EBD1}.Release|Win32.ActiveCfg = Release|Win32
		{FADD81C4-992F-4492-9750-C1F4B208EBD1}.Release|Win32.Build.0 = Release|Win32
		{FADD81C4-992F-4492-9750-C1F4B208EBD1}.Release|x64.ActiveCfg = Release|Win32
		{122FA330-2209-4BF0-A359-9C0C113369E2}.Debug|Win32.ActiveCfg = Debug|Win32
		{122FA330-2209-4BF0-A359-9C0C113369E2}.Debug|Win32.Build.0 = Debug|Win32
		{122FA330-2209-4BF0-A359-9C0C113369E2}.Debug|x64.ActiveCfg = Debug|Win32
		{122FA330-2209-4BF0-A359-9C0C113369E2}.Release|Win32.ActiveCfg = Release|Win32
		{122FA330-2209-4BF0-A359-9C0C113369E2}.Release|Win32.Build.0 = Release|Win32
		{122FA330-2209-4BF0-A359-9C0C113369E2}.Release|x64.ActiveCfg = Release|Win32
		{45D62969-BE7F-4605-B43B-8586C28DD77D}.Debug|Win32.ActiveCfg = Debug|Win32
		{45D62969-BE7F-4605-B43B-8586C28DD77D}.Debug|Win32.Build.0 = Debug|Win32
		{45D62969-BE7F-4605-B43B-8586C28DD77D}.Debug|x64.ActiveCfg = Debug|Win32
		{45D62969-BE7F-4605-B43B-8586C28DD77D}.Release|Win32.ActiveCfg = Release|Win32
		{45D62969-BE7F-4605-B43B-8586C28DD77D}.Release|Win32.Build.0 = Release|Win32
		{45D62969-BE7F-4605-B43B-8586C28DD77D}.Release|x64.ActiveCfg = Release|Win32
		{6E1F0C16-ECEA-490C-8621-9760187C9D8E}.Debug|Win32.ActiveCfg = Debug|Win32
		{6E1F0C16-ECEA-490C-8621-9760187C9D8E}.Debug|Win32.Build.0 = Debug|Win32
		{6E1F0C16-ECEA-490C-8621-9760187C9D8E}.Debug|x64.ActiveCfg = Debug|Win32
		{6E1F0C16-ECEA-490C-8621-9760187C9D8E}.Release|Win32.ActiveCfg = Release|Win32
		{6E1F0C16-ECEA-490C-8621-9760187C9D8E}.Release|Win32.Build.0 = Release|Win32
		{6E1F0C16-ECEA-490C-8621-9760187C9D8E}.Release|x64.ActiveCfg = Release|Win32
		{E589D5AD-BDF7-45F9-BCAD-D7B1136C951B}.Debug|Win32.ActiveCfg = Debug|Win32
		{E589D5AD-BDF7-45F9-BCAD-D7B1136C951B}.Debug|Win32.Build.0 = Debug|Win32
		{E589D5AD-BDF7-45F9-BCAD-D7B1136C951B}.Debug|x64.ActiveCfg = Debug|Win32
		{E589D5AD-BDF7-45F9-BCAD-D7B1136C951B}.Release|Win32.ActiveCfg = Release|Win32
		{E589D5AD-BDF7-45F9-BCAD-D7B1136C951B}.Release|Win32.Build.0 = Release|Win32
		{E589D5AD-BDF7-45F9-BCAD-D7B1136C951B}.Release|x64.ActiveCfg = Release|Win32
		{B3F3E187-E372-4A23-B9DA-5FCCE712D174}.Debug|Win32.ActiveCfg = Debug|Win32
		{B3F3E187-E372-4A23-B9DA-5FCCE712D174}.Debug|Win32.Build.0 = Debug|Win32
		{B3F3E187-E372-4A23-B9DA-5FCCE712D174}.Debug|x64.ActiveCfg = Debug|Win32
		{B3F3E187-E372-4A23-B9DA-5FCCE712D174}.Release|Win32.ActiveCfg = Release|Win32
		{B3F3E187-E372-4A23-B9DA-5FCCE712D174}.Release|Win32.Build.0 = Release|Win32
		{B3F3E187-E372-4A23-B9DA-5FCCE712D174}.Release|x64.ActiveCfg = Release|Win32
		{ED5B2A66-1F2C-40C1-BC4B-C2AA1D2B7632}.Debug|Win32.ActiveCfg = Debug|Win32
		{ED5B2A66-1F2C-40C1-BC4B-C2AA1D2B7632}.Debug|Win32.Build.0 = Debug|Win32
		{ED5B2A66-1F2C-40C1-BC4B-C2AA1D2B7632}.Debug|x64.ActiveCfg = Debug|Win32
		{ED5B2A66-1F2C-40C1-BC4B-C2AA1D2B7632}.Release|Win32.ActiveCfg = Release|Win32
		{ED5B2A66-1F2C-40C1-BC4B-C2AA1D2B7632}.Release|Win32.Build.0 = Release|Win32
		{ED5B2A66-1F2C-40C1-BC4B-C2AA1D2B7632}.Release|x64.ActiveCfg = Release|Win32
		{AAD6C412-3CCF-47DD-873F-11E0EEF38C77}.Debug|Win32.ActiveCfg = Debug|Win32
		{AAD6C412-3CCF-47DD-873F-11E0EEF38C77}.Debug|Win32.Build.0 = Debug|Win32
		{AAD6C412-3CCF-47DD-873F-11E0EEF38C77}.Debug|x64.ActiveCfg = Debug|Win32
		{AAD6C412-3CCF-47DD-873F-11E0EEF38C77}.Release|Win32.ActiveCfg = Release|Win32
		{AAD6C412-3CCF-47DD-873F-11E0EEF38C77}.Release|Win32.Build.0 = Release|Win32
		{AAD6C412-3CCF-47DD-873F-11E0EEF38C77}.Release|x64.ActiveCfg = Release|Win32
		{3280E624-B882-4835-88C7-97DE5115D19D}.Debug|Win32.ActiveCfg = Debug|Win32
		{3280E624-B882-4835-88C7-97DE5115D19D}.Debug|Win32.Build.0 = Debug|Win32
		{3280E624-B882-4835-88C7-97DE5115D19D}.Debug|x64.ActiveCfg = Debug|Win32
		{3280E624-B882-4835-88C7-97DE5115D19D}.Release|Win32.ActiveCfg = Release|Win32
		{3280E624-B882-4835-88C7-97DE5115D19D}.Release|Win32.Build.0 = Release|Win32
		{3280E624-B882-4835-88C7-97DE5115D19D}.Release|x64.ActiveCfg = Release|Win32
		{4BC148DF-F832-4724-B9B9-2550D848E737}.Debug|Win32.ActiveCfg = Debug|Win32
		{4BC148DF-F832-4724-B9B9-2550D848E737}.Debug|Win32.Build.0 = Debug|Win32
		{4BC148DF-F832-4724-B9B9-2550D848E737}.Debug|x64.ActiveCfg = Debug|Win32
		{4BC148DF-F832-4724-B9B9-2550D848E737}.Release|Win32.ActiveCfg = Release|Win32
		{4BC148DF-F832-4724-B9B9-2550D848E737}.Release|Win32.Build.0 = Release|Win32
		{4BC148DF-F832-4724-B9B9-2550D848E737}.Release|x64.ActiveCfg = Release|Win32
		{469EA158-42B0-40EC-90A8-BAD0CCF649F2}.Debug|Win32.ActiveCfg = Debug|Win32
		{469EA158-42B0-40EC-90A8-BAD0CCF649F2}.Debug|Win32.Build.0 = Debug|Win32
		{469EA158-42B0-40EC-90A8-BAD0CCF649F2}.Debug|x64.ActiveCfg = Debug|Win32
		{469EA158-42B0-40EC-90A8-BAD0CCF649F2}.Release|Win32.ActiveCfg = Release|Win32
		{469EA158-42B0-40EC-90A8-BAD0CCF649F2}.Release|Win32.Build.0 = Release|Win32
		{469EA158-42B0-40EC-90A8-BAD0CCF649F2}.Release|x64.ActiveCfg = Release|Win32
		{02269037-5B51-467E-A224-B56D816CDFD9}.Debug|Win32.ActiveCfg = Debug|Win32
		{02269037-5B51-467E-A224-B56D816CDFD9}.Debug|Win32.Build.0 = Debug|Win32
		{02269037-5B51-467E-A224-B56D816CDFD9}.Debug|x64.ActiveCfg = Debug|Win32
		{02269037-5B51-467E-A224-B56D816CDFD9}.Release|Win32.ActiveCfg = Release|Win32
		{02269037-5B51-467E-A224-B56D816CDFD9}.Release|Win32.Build.0 = Release|Win32
		{02269037-5B51-467E-A224-B56D816CDFD9}.Release|x64.ActiveCfg = Release|Win32
		{EBC5862F-F9EF-4CA6-AB18-F930074011AB}.Debug|Win32.ActiveCfg = Debug|Win32
		{EBC5862F-F9EF-4CA6-AB18-F930074011AB}.Debug|Win32.Build.0 = Debug|Win32
		{EBC5862F-F9EF-4CA6-AB18-F930074011AB}.Debug|x64.ActiveCfg = Debug|Win32
		{EBC5862F-F9EF-4CA6-AB18-F930074011AB}.Release|Win32.ActiveCfg = Release|Win32
		{EBC5862F-F9EF-4CA6-AB18-F930074011AB}.Release|Win32.Build.0 = Release|Win32
		{EBC5862F-F9EF-4CA6-AB18-F930074011AB}.Release|x64.ActiveCfg = Release|Win32
		{D4A0E7F0-4556-4FA8-A059-F0AFDFACD7EF}.Debug|Win32.ActiveCfg = Debug|Win32
		{D4A0E7F0-4556-4FA8-A059-F0AFDFACD7EF}.Debug|Win32.Build.0 = Debug|Win32
		{D4A0E7F0-4556-4FA8-A059-F0AFDFACD7EF}.Debug|x64.ActiveCfg = Debug|Win32
		{D4A0E7F0-4556-4FA8-A059-F0AFDFACD7EF}.Release|Win32.ActiveCfg = Release|Win32
		{D4A0E7F0-4556-4FA8-A059-F0AFDFACD7EF}.Release|Win32.Build.0 = Release|Win32
		{D4A0E7F0-4556-4FA8-A059-F0AFDFACD7EF}.Release|x64.ActiveCfg = Release|Win32
		{296B05EC-7929-4E23-942C-FA953BB5602D}.Debug|Win32.ActiveCfg = Debug|Win32
		{296B05EC-7929-4E23-942C-FA953BB5602D}.Debug|Win32.Build.0 = Debug|Win32
		{296B05EC-7929-4E23-942C-FA953BB5602D}.Debug|x64.ActiveCfg = Debug|Win32
		{296B05EC-7929-4E23-942C-FA953BB5602D}.Release|Win32.ActiveCfg = Release|Win32
		{296B05EC-7929-4E23-942C-FA953BB5602D}.Release|Win32.Build.0 = Release|Win32
		{296B05EC-7929-4E23-942C-FA953BB5602D}.Release|x64.ActiveCfg = Release|Win32
		{82FA5300-7B8A-4B72-A404-D5748984A231}.Debug|Win32.ActiveCfg = Debug|Win32
		{82FA5300-7B8A-4B72-A404-D5748984A231}.Debug|Win32.Build.0 = Debug|Win32
		{82FA5300-7B8A-4B72-A404-D5748984A231}.Debug|x64.ActiveCfg = Debug|Win32
		{82FA5300-7B8A-4B72-A404-D5748984A231}.Release|Win32.ActiveCfg = Release|Win32
		{82FA5300-7B8A-4B72-A404-D5748984A231}.Release|Win32.Build.0 = Release|Win32
		{82FA5300-7B8A-4B72-A404-D5748984A231}.Release|x64.ActiveCfg = Release|Win32
		{89167DD4-39A9-444A-8ED9-CAB1B35A0DEA}.Debug|Win32.ActiveCfg = Debug|Win32
		{89167DD4-39A9-444A-8ED9-CAB1B35A0DEA}.Debug|Win32.Build.0 = Debug|Win32
		{89167DD4-39A9-444A-8ED9-CAB1B35A0DEA}.Debug|x64.ActiveCfg = Debug|Win32
		{89167DD4-39A9-444A-8ED9-CAB1B35A0DEA}.Release|Win32.ActiveCfg = Release|Win32
		{89167DD4-39A9-444A-8ED9-CAB1B35A0DEA}.Release|Win32.Build.0 = Release|Win32
		{89167DD4-39A9-444A-8ED9-CAB1B35A0DEA}.Release|x64.ActiveCfg = Release|Win32
		{F3DB1BFC-9BD1-443F-965A-E05E9D95E6AB}.Debug|Win32.ActiveCfg = Debug|Win32
		{F3DB1BFC-9BD1-443F-965A-E05E9D95E6AB}.Debug|Win32.Build.0 = Debug|Win32
		{F3DB1BFC-9BD1-443F-965A-E05E9D95E6AB}.Debug|x64.ActiveCfg = Debug|Win32
		{F3DB1BFC-9BD1-443F-965A-E05E9D95E6AB}.Release|Win32.ActiveCfg = Release|Win32
		{F3DB1BFC-9BD1-443F-965A-E05E9D95E6AB}.Release|Win32.Build.0 = Release|Win32
		{F3DB1BFC-9BD1-443F-965A-E05E9D95E6AB}.Release|x64.ActiveCfg = Release|Win32
		{83516907-853B-41DA-AB81-7458E6927DE3}.Debug|Win32.ActiveCfg = Debug|Win32
		{83516907-853B-41DA-AB81-7458E6927DE3}.Debug|Win32.Build.0 = Debug|Win32
		{83516907-853B-41DA-AB81-7458E6927DE3}.Debug|x64.ActiveCfg = Debug|Win32
		{83516907-853B-41DA-AB81-7458E6927DE3}.Release|Win32.ActiveCfg = Release|Win32
		{83516907-853B-41DA-AB81-7458E6927DE3}.Release|Win32.Build.0 = Release|Win32
		{83516907-853B-41DA-AB81-7458E6927DE3}.Release|x64.ActiveCfg = Release|Win32
		{9270A244-6F23-48F9-9382-0CCBADBDC0EE}.Debug|Win32.ActiveCfg = Debug|Win32
		{9270A244-6F23-48F9-9382-0CCBADBDC0EE}.Debug|Win32.Build.0 = Debug|Win32
		{9270A244-6F23-48F9-9382-0CCBADBDC0EE}.Debug|x64.ActiveCfg = Debug|Win32
		{9270A244-6F23-48F9-9382-0CCBADBDC0EE}.Release|Win32.ActiveCfg = Release|Win32
		{9270A244-6F23-48F9-9382-0CCBADBDC0EE}.Release|Win32.Build.0 = Release|Win32
		{9270A244-6F23-48F9-9382-0CCBADBDC0EE}.Release|x64.ActiveCfg = Release|Win32
		{9A5F748B-36D3-4C62-9257-EBBF94BB072E}.Debug|Win32.ActiveCfg = Debug|Win32
		{9A5F748B-36D3-4C62-9257-EBBF94BB072E}.Debug|Win32.Build.0 = Debug|Win32
		{9A5F748B-36D3-4C62-9257-EBBF94BB072E}.Debug|x64.ActiveCfg = Debug|Win32
		{9A5F748B-36D3-4C62-9257-EBBF94BB072E}.Release|Win32.ActiveCfg = Release|Win32
		{9A5F748B-36D3-4C62-9257-EBBF94BB072E}.Release|Win32.Build.0 = Release|Win32
		{9A5F748B-36D3-4C62-9257-EBBF94BB072E}.Release|x64.ActiveCfg = Release|Win32
		{3D90DA7D-4FA4-4DB0-8CCD-6FE9D470F75A}.Debug|Win32.ActiveCfg = Debug|Win32
		{3D90DA7D-4FA4-4DB0-8CCD-6FE9D470F75A}.Debug|Win32.Build.0 = Debug|Win32
		{3D90DA7D-4FA4-4DB0-8CCD-6FE9D470F75A}.Debug|x64.ActiveCfg = Debug|Win32
		{3D90DA7D-4FA4-4DB0-8CCD-6FE9D470F75A}.Release|Win32.ActiveCfg = Release|Win32
		{3D90DA7D-4FA4-4DB0-8CCD-6FE9D470F75A}.Release|Win32.Build.0 = Release|Win32
		{3D90DA7D-4FA4-4DB0-8CCD-6FE9D470F75A}.Release|x64.ActiveCfg = Release|Win32
		{74EBA5CC-62CC-4C95-9191-618AFEF3BEC0}.Debug|Win32.ActiveCfg = Debug|Win32
		{74EBA5CC-62CC-4C95-9191-618AFEF3BEC0}.Debug|Win32.Build.0 = Debug|Win32
		{74EBA5CC-62CC-4C95-9191-618AFEF3BEC0}.Debug|x64.ActiveCfg = Debug|Win32
		{74EBA5CC-62CC-4C95-9191-618AFEF3BEC0}.Release|Win32.ActiveCfg = Release|Win32
		{74EBA5CC-62CC-4C95-9191-618AFEF3BEC0}.Release|Win32.Build.0 = Release|Win32
		{74EBA5CC-62CC-4C95-9191-618AFEF3BEC0}.Release|x64.ActiveCfg = Release|Win32
		{09C23AAB-CEB0-4254-82F5-15547D30AFE9}.Debug|Win32.ActiveCfg = Debug|Win32
		{09C23AAB-CEB0-4254-82F5-15547D30AFE9}.Debug|Win32.Build.0 = Debug|Win32
		{09C23AAB-CEB0-4254-82F5-15547D30AFE9}.Debug|x64.ActiveCfg = Debug|Win32
		{09C23AAB-CEB0-4254-82F5-15547D30AFE9}.Release|Win32.ActiveCfg = Release|Win32
		{09C23AAB-CEB0-4254-82F5-15547D30AFE9}.Release|Win32.Build.0 = Release|Win32
		{09C23AAB-CEB0-4254-82F5-15547D30AFE9}.Release|x64.ActiveCfg = Release|Win32
		{44FD2A28-FC17-4B3E-AAE5-C3DBDD3192E5}.Debug|Win32.ActiveCfg = Debug|Win32
		{44FD2A28-FC17-4B3E-AAE5-C3DBDD3192E5}.Debug|Win32.Build.0 = Debug|Win32
		{44FD2A28-FC17-4B3E-AAE5-C3DBDD3192E5}.Debug|x64.ActiveCfg = Debug|Win32
		{44FD2A28-FC17-4B3E-AAE5-C3DBDD3192E5}.Release|Win32.ActiveCfg = Release|Win32
		{44FD2A28-FC17-4B3E-AAE5-C3DBDD3192E5}.Release|Win32.Build.0 = Release|Win32
		{44FD2A28-FC17-4B3E-AAE5-C3DBDD3192E5}.Release|x64.ActiveCfg = Release|Win32
		{159B2F9B-B5FD-40D8-96B0-3492D1684C4F}.Debug|Win32.ActiveCfg = Debug|Win32
		{159B2F9B-B5FD-40D8-96B0-3492D1684C4F}.Debug|Win32.Build.0 = Debug|Win32
		{159B2F9B-B5FD-40D8-96B0-3492D1684C4F}.Debug|x64.ActiveCfg = Debug|Win32
		{159B2F9B-B5FD-40D8-96B0-3492D1684C4F}.Release|Win32.ActiveCfg = Release|Win32
		{159B2F9B-B5FD-40D8-96B0-3492D1684C4F}.Release|Win32.Build.0 = Release|Win32
		{159B2F9B-B5FD-40D8-96B0-3492D1684C4F}.Release|x64.ActiveCfg = Release|Win32
		{0E85A01E-6BFC-4DF8-BE0D-5F6FAB8AF587}.Debug|Win32.ActiveCfg = Debug|Win32
		{0E85A01E-6BFC-4DF8-BE0D-5F6FAB8AF587}.Debug|Win32.Build.0 = Debug|Win32
		{0E85A01E-6BFC-4DF8-BE0D-5F6FAB8AF587}.Debug|x64.ActiveCfg = Debug|Win32
		{0E85A01E-6BFC-4DF8-BE0D-5F6FAB8AF587}.Release|Win32.ActiveCfg = Release|Win32
		{0E85A01E-6BFC-4DF8-BE0D-5F6FAB8AF587}.Release|Win32.Build.0 = Release|Win32
		{0E85A01E-6BFC-4DF8-BE0D-5F6FAB8AF587}.Release|x64.ActiveCfg = Release|Win32
		{AA7F3535-378A-4C3C-9B2C-8E59DCD11BDF}.Debug|Win32.ActiveCfg = Debug|Win32
		{AA7F3535-378A-4C3C-9B2C-8E59DCD11BDF}.Debug|Win32.Build.0 = Debug|Win32
		{AA7F3535-378A-4C3C-9B2C-8E59DCD11BDF}.Debug|x64.ActiveCfg = Debug|Win32
		{AA7F3535-378A-4C3C-9B2C-8E59DCD11BDF}.Release|Win32.ActiveCfg = Release|Win32
		{AA7F3535-378A-4C3C-9B2C-8E59DCD11BDF}.Release|Win32.Build.0 = Release|Win32
		{AA7F3535-378A-4C3C-9B2C-8E59DCD11BDF}.Release|x64.ActiveCfg = Release|Win32
		{2E9BA35F-931E-44F5-8374-22CE63DB8BDF}.Debug|Win32.ActiveCfg = Debug|Win32
		{2E9BA35F-931E-44F5-8374-22CE63DB8BDF}.Debug|Win32.Build.0 = Debug|Win32
		{2E9BA35F-931E-44F5-8374-22CE63DB8BDF}.Debug|x64.ActiveCfg = Debug|Win32
		{2E9BA35F-931E-44F5-8374-22CE63DB8BDF}.Release|Win32.ActiveCfg = Release|Win32
		{2E9BA35F-931E-44F5-8374-22CE63DB8BDF}.Release|Win32.Build.0 = Release|Win32
		{2E9BA35F-931E-44F5-8374-22CE63DB8BDF}.Release|x64.ActiveCfg = Release|Win32
		{89F56274-1A64-4AF6-B548-5A70C287A0AD}.Debug|Win32.ActiveCfg = Debug|Win32
		{89F56274-1A64-4AF6-B548-5A70C287A0AD}.Debug|Win32.Build.0 = Debug|Win32
		{89F56274-1A64-4AF6-B548-5A70C287A0AD}.Debug|x64.ActiveCfg = Debug|Win32
		{89F56274-1A64-4AF6-B548-5A70C287A0AD}.Release|Win32.ActiveCfg = Release|Win32
		{89F56274-1A64-4AF6-B548-5A70C287A0AD}.Release|Win32.Build.0 = Release|Win32
		{89F56274-1A64-4AF6-B548-5A70C287A0AD}.Release|x64.ActiveCfg = Release|Win32
		{F4DC89ED-DA34-4659-974A-ED2A01951F1C}.Debug|Win32.ActiveCfg = Debug|Win32
		{F4DC89ED-DA34-4659-974A-ED2A01951F1C}.Debug|Win32.Build.0 = Debug|Win32
		{F4DC89ED-DA34-4659-974A-ED2A01951F1C}.Debug|x64.ActiveCfg = Debug|Win32
		{F4DC89ED-DA34-4659-974A-ED2A01951F1C}.Release|Win32.ActiveCfg = Release|Win32
		{F4DC89ED-DA34-4659-974A-ED2A01951F1C}.Release|Win32.Build.0 = Release|Win32
		{F4DC89ED-DA34-4659-974A-ED2A01951F1C}.Release|x64.ActiveCfg = Release|Win32
		{533F2B69-13FC-4557-9D26-517FDA493D75}.Debug|Win32.ActiveCfg = Debug|Win32
		{533F2B69-13FC-4557-9D26-517FDA493D75}.Debug|Win32.Build.0 = Debug|Win32
		{533F2B69-13FC-4557-9D26-517FDA493D75}.Debug|x64.ActiveCfg = Debug|Win32
		{533F2B69-13FC-4557-9D26-517FDA493D75}.Release|Win32.ActiveCfg = Release|Win32
		{533F2B69-13FC-4557-9D26-517FDA493D75}.Release|Win32.Build.0 = Release|Win32
		{533F2B69-13FC-4557-9D26-517FDA493D75}.Release|x64.ActiveCfg = Release|Win32
		{1EBDB40D-9808-463B-AA43-04D65586485F}.Debug|Win32.ActiveCfg = Debug|Win32
		{1EBDB40D-9808-463B-AA43-04D65586485F}.Debug|Win32.Build.0 = Debug|Win32
		{1EBDB40D-9808-463B-AA43-04D65586485F}.Debug|x64.ActiveCfg = Debug|Win32
		{1EBDB40D-9808-463B-AA43-04D65586485F}.Release|Win32.ActiveCfg = Release|Win32
		{1EBDB40D-9808-463B-AA43-04D65586485F}.Release|Win32.Build.0 = Release|Win32
		{1EBDB40D-9808-463B-AA43-04D65586485F}.Release|x64.ActiveCfg = Release|Win32
		{190A611A-399F-47F6-B686-DF40C8B20F84}.Debug|Win32.ActiveCfg = Debug|Win32
		{190A611A-399F-47F6-B686-DF40C8B20F84}.Debug|Win32.Build.0 = Debug|Win32
		{190A611A-399F-47F6-B686-DF40C8B20F84}.Debug|x64.ActiveCfg = Debug|Win32
		{190A611A-399F-47F6-B686-DF40C8B20F84}.Release|Win32.ActiveCfg = Release|Win32
		{190A611A-399F-47F6-B686-DF40C8B20F84}.Release|Win32.Build.0 = Release|Win32
		{190A611A-399F-47F6-B686-DF40C8B20F84}.Release|x64.ActiveCfg = Release|Win32
		{06092F0D-324B-484D-A9ED-397DFF76AE53}.Debug|Win32.ActiveCfg = Debug|Win32
		{06092F0D-324B-484D-A9ED-397DFF76AE53}.Debug|Win32.Build.0 = Debug|Win32
		{06092F0D-324B-484D-A9ED-397DFF76AE53}.Debug|x64.ActiveCfg = Debug|Win32
		{06092F0D-324B-484D-A9ED-397DFF76AE53}.Release|Win32.ActiveCfg = Release|Win32
		{06092F0D-324B-484D-A9ED-397DFF76AE53}.Release|Win32.Build.0 = Release|Win32
		{06092F0D-324B-484D-A9ED-397DFF76AE53}.Release|x64.ActiveCfg = Release|Win32
		{CFCA9C73-C321-48BA-8F29-097FD061EBB1}.Debug|Win32.ActiveCfg = Debug|Win32
		{CFCA9C73-C321-48BA-8F29-097FD061EBB1}.Debug|Win32.Build.0 = Debug|Win32
		{CFCA9C73-C321-48BA-8F29-097FD061EBB1}.Debug|x64.ActiveCfg = Debug|Win32
		{CFCA9C73-C321-48BA-8F29-097FD061EBB1}.Release|Win32.ActiveCfg = Release|Win32
		{CFCA9C73-C321-48BA-8F29-097FD061EBB1}.Release|Win32.Build.0 = Release|Win32
		{CFCA9C73-C321-48BA-8F29-097FD061EBB1}.Release|x64.ActiveCfg = Release|Win32
		{3423EC9A-52E4-4A4D-9753-EDEBC38785EF}.Debug|Win32.ActiveCfg = Debug|Win32
		{3423EC9A-52E4-4A4D-9753-EDEBC38785EF}.Debug|Win32.Build.0 = Debug|Win32
		{3423EC9A-52E4-4A4D-9753-EDEBC38785EF}.Debug|x64.ActiveCfg = Debug|x64
		{3423EC9A-52E4-4A4D-9753-EDEBC38785EF}.Debug|x64.Build.0 = Debug|x64
		{3423EC9A-52E4-4A4D-9753-EDEBC38785EF}.Release|Win32.ActiveCfg = Release|Win32
		{3423EC9A-52E4-4A4D-9753-EDEBC38785EF}.Release|Win32.Build.0 = Release|Win32
		{3423EC9A-52E4-4A4D-9753-EDEBC38785EF}.Release|x64.ActiveCfg = Release|x64
		{3423EC9A-52E4-4A4D-9753-EDEBC38785EF}.Release|x64.Build.0 = Release|x64
		{ECA5FC4D-29CE-5030-9175-551834BF6CB0}.Debug|Win32.ActiveCfg = Debug|Win32
		{ECA5FC4D-29CE-5030-9175-551834BF6CB0}.Debug|Win32.Build.0 = Debug|Win32
		{ECA5FC4D-29CE-5030-9175-551834BF6CB0}.Debug|x64.ActiveCfg = Debug|x64
		{ECA5FC4D-29CE-5030-9175-551834BF6CB0}.Debug|x64.Build.0 = Debug|x64
		{ECA5FC4D-29CE-5030-9175-551834BF6CB0}.Release|Win32.ActiveCfg = Release|Win32
		{ECA5FC4D-29CE-5030-9175-551834BF6CB0}.Release|Win32.Build.0 = Release|Win32
		{ECA5FC4D-29CE-5030-9175-551834BF6CB0}.Release|x64.ActiveCfg = Release|x64
		{ECA5FC4D-29CE-5030-9175-551834BF6CB0}.Release|x64.Build.0 = Release|x64
		{CF9387AB-7C10-4217-A248-575EE8610008}.Debug|Win32.ActiveCfg = Debug|Win32
		{CF9387AB-7C10-4217-A248-575EE8610008}.Debug|Win32.Build.0 = Debug|Win32
		{CF9387AB-7C10-4217-A248-575EE8610008}.Debug|x64.ActiveCfg = Debug|Win32
		{CF9387AB-7C10-4217-A248-575EE8610008}.Release|Win32.ActiveCfg = Release|Win32
		{CF9387AB-7C10-4217-A248-575EE8610008}.Release|Win32.Build.0 = Release|Win32
		{CF9387AB-7C10-4217-A248-575EE8610008}.Release|x64.ActiveCfg = Release|Win32
		{1A02AC8B-51F6-46CD-A5BB-0B3F09FB2ABF}.Debug|Win32.ActiveCfg = Debug|Win32
		{1A02AC8B-51F6-46CD-A5BB-0B3F09FB2ABF}.Debug|Win32.Build.0 = Debug|Win32
		{1A02AC8B-51F6-46CD-A5BB-0B3F09FB2ABF}.Debug|x64.ActiveCfg = Debug|Win32
		{1A02AC8B-51F6-46CD-A5BB-0B3F09FB2ABF}.Release|Win32.ActiveCfg = Release|Win32
		{1A02AC8B-51F6-46CD-A5BB-0B3F09FB2ABF}.Release|Win32.Build.0 = Release|Win32
		{1A02AC8B-51F6-46CD-A5BB-0B3F09FB2ABF}.Release|x64.ActiveCfg = Release|Win32
		{BC01F636-4D0F-489D-B082-7538025CE185}.Debug|Win32.ActiveCfg = Debug|Win32
		{BC01F636-4D0F-489D-B082-7538025CE185}.Debug|Win32.Build.0 = Debug|Win32
		{BC01F636-4D0F-489D-B082-7538025CE185}.Debug|x64.ActiveCfg = Debug|Win32
		{BC01F636-4D0F-489D-B082-7538025CE185}.Release|Win32.ActiveCfg = Release|Win32
		{BC01F636-4D0F-489D-B082-7538025CE185}.Release|Win32.Build.0 = Release|Win32
		{BC01F636-4D0F-489D-B082-7538025CE185}.Release|x64.ActiveCfg = Release|Win32
	EndGlobalSection
	GlobalSection(SolutionProperties) = preSolution
		HideSolutionNode = FALSE
	EndGlobalSection
EndGlobal
