Microsoft Visual Studio Solution File, Format Version 10.00
# Visual Studio 2008
Project("{8BC9CEB8-8B4A-11D0-8D11-00A0C91BC942}") = "Expat", "Dependencies\Expat.vcproj", "{533F2B69-13FC-4557-9D26-517FDA493D75}"
EndProject
Project("{8BC9CEB8-8B4A-11D0-8D11-00A0C91BC942}") = "MySQL", "Dependencies\MySQL.vcproj", "{1EBDB40D-9808-463B-AA43-04D65586485F}"
EndProject
Project("{8BC9CEB8-8B4A-11D0-8D11-00A0C91BC942}") = "SQLite", "Dependencies\SQLite.vcproj", "{190A611A-399F-47F6-B686-DF40C8B20F84}"
EndProject
Project("{8BC9CEB8-8B4A-11D0-8D11-00A0C91BC942}") = "TinyXML", "Dependencies\TinyXML.vcproj", "{06092F0D-324B-484D-A9ED-397DFF76AE53}"
EndProject
Project("{8BC9CEB8-8B4A-11D0-8D11-00A0C91BC942}") = "zlib", "Dependencies\zlib.vcproj", "{CFCA9C73-C321-48BA-8F29-097FD061EBB1}"
EndProject
Project("{8BC9CEB8-8B4A-11D0-8D11-00A0C91BC942}") = "squish", "Dependencies\squish.vcproj", "{CF9387AB-7C10-4217-A248-575EE8610008}"
EndProject
Project("{8BC9CEB8-8B4A-11D0-8D11-00A0C91BC942}") = "nvtt", "Dependencies\nvtt.vcproj", "{1A02AC8B-51F6-46CD-A5BB-0B3F09FB2ABF}"
EndProject
Project("{8BC9CEB8-8B4A-11D0-8D11-00A0C91BC942}") = "tiff", "Dependencies\tiff.vcproj", "{BC01F636-4D0F-489D-B082-7538025CE185}"
EndProject
Project("{8BC9CEB8-8B4A-11D0-8D11-00A0C91BC942}") = "Lua", "Dependencies\lua.vcproj", "{C87D1745-76D6-4A2E-B655-23564E398510}"
EndProject
Project("{8BC9CEB8-8B4A-11D0-8D11-00A0C91BC942}") = "LiteSQL", "Dependencies\LiteSQL.vcproj", "{05ED8488-418B-499C-895B-5654C64209F6}"
EndProject
Project("{8BC9CEB8-8B4A-11D0-8D11-00A0C91BC942}") = "wxWidgets", "Dependencies\wxWidgets.vcproj", "{42C56E94-62D5-45EC-9746-F2349992C028}"
EndProject
Project("{8BC9CEB8-8B4A-11D0-8D11-00A0C91BC942}") = "wxWidgetsPostBuild", "Dependencies\wxWidgetsPostBuild.vcproj", "{8622467A-855F-4A85-9403-591CDF7C5D75}"
	ProjectSection(ProjectDependencies) = postProject
		{42C56E94-62D5-45EC-9746-F2349992C028} = {42C56E94-62D5-45EC-9746-F2349992C028}
	EndProjectSection
EndProject
Global
	GlobalSection(SolutionConfigurationPlatforms) = preSolution
		Debug Unicode|Win32 = Debug Unicode|Win32
		Debug Unicode|x64 = Debug Unicode|x64
		Debug|Win32 = Debug|Win32
		Debug|x64 = Debug|x64
		Release Unicode|Win32 = Release Unicode|Win32
		Release Unicode|x64 = Release Unicode|x64
		Release|Win32 = Release|Win32
		Release|x64 = Release|x64
	EndGlobalSection
	GlobalSection(ProjectConfigurationPlatforms) = postSolution
		{533F2B69-13FC-4557-9D26-517FDA493D75}.Debug Unicode|Win32.ActiveCfg = Debug Unicode|Win32
		{533F2B69-13FC-4557-9D26-517FDA493D75}.Debug Unicode|Win32.Build.0 = Debug Unicode|Win32
		{533F2B69-13FC-4557-9D26-517FDA493D75}.Debug Unicode|x64.ActiveCfg = Debug Unicode|x64
		{533F2B69-13FC-4557-9D26-517FDA493D75}.Debug Unicode|x64.Build.0 = Debug Unicode|x64
		{533F2B69-13FC-4557-9D26-517FDA493D75}.Debug|Win32.ActiveCfg = Debug|Win32
		{533F2B69-13FC-4557-9D26-517FDA493D75}.Debug|Win32.Build.0 = Debug|Win32
		{533F2B69-13FC-4557-9D26-517FDA493D75}.Debug|x64.ActiveCfg = Debug|x64
		{533F2B69-13FC-4557-9D26-517FDA493D75}.Debug|x64.Build.0 = Debug|x64
		{533F2B69-13FC-4557-9D26-517FDA493D75}.Release Unicode|Win32.ActiveCfg = Release Unicode|Win32
		{533F2B69-13FC-4557-9D26-517FDA493D75}.Release Unicode|Win32.Build.0 = Release Unicode|Win32
		{533F2B69-13FC-4557-9D26-517FDA493D75}.Release Unicode|x64.ActiveCfg = Release Unicode|x64
		{533F2B69-13FC-4557-9D26-517FDA493D75}.Release Unicode|x64.Build.0 = Release Unicode|x64
		{533F2B69-13FC-4557-9D26-517FDA493D75}.Release|Win32.ActiveCfg = Release|Win32
		{533F2B69-13FC-4557-9D26-517FDA493D75}.Release|Win32.Build.0 = Release|Win32
		{533F2B69-13FC-4557-9D26-517FDA493D75}.Release|x64.ActiveCfg = Release|x64
		{533F2B69-13FC-4557-9D26-517FDA493D75}.Release|x64.Build.0 = Release|x64
		{1EBDB40D-9808-463B-AA43-04D65586485F}.Debug Unicode|Win32.ActiveCfg = Debug Unicode|Win32
		{1EBDB40D-9808-463B-AA43-04D65586485F}.Debug Unicode|Win32.Build.0 = Debug Unicode|Win32
		{1EBDB40D-9808-463B-AA43-04D65586485F}.Debug Unicode|x64.ActiveCfg = Debug Unicode|x64
		{1EBDB40D-9808-463B-AA43-04D65586485F}.Debug Unicode|x64.Build.0 = Debug Unicode|x64
		{1EBDB40D-9808-463B-AA43-04D65586485F}.Debug|Win32.ActiveCfg = Debug|Win32
		{1EBDB40D-9808-463B-AA43-04D65586485F}.Debug|Win32.Build.0 = Debug|Win32
		{1EBDB40D-9808-463B-AA43-04D65586485F}.Debug|x64.ActiveCfg = Debug|x64
		{1EBDB40D-9808-463B-AA43-04D65586485F}.Debug|x64.Build.0 = Debug|x64
		{1EBDB40D-9808-463B-AA43-04D65586485F}.Release Unicode|Win32.ActiveCfg = Release Unicode|Win32
		{1EBDB40D-9808-463B-AA43-04D65586485F}.Release Unicode|Win32.Build.0 = Release Unicode|Win32
		{1EBDB40D-9808-463B-AA43-04D65586485F}.Release Unicode|x64.ActiveCfg = Release Unicode|x64
		{1EBDB40D-9808-463B-AA43-04D65586485F}.Release Unicode|x64.Build.0 = Release Unicode|x64
		{1EBDB40D-9808-463B-AA43-04D65586485F}.Release|Win32.ActiveCfg = Release|Win32
		{1EBDB40D-9808-463B-AA43-04D65586485F}.Release|Win32.Build.0 = Release|Win32
		{1EBDB40D-9808-463B-AA43-04D65586485F}.Release|x64.ActiveCfg = Release|x64
		{1EBDB40D-9808-463B-AA43-04D65586485F}.Release|x64.Build.0 = Release|x64
		{190A611A-399F-47F6-B686-DF40C8B20F84}.Debug Unicode|Win32.ActiveCfg = Debug Unicode|Win32
		{190A611A-399F-47F6-B686-DF40C8B20F84}.Debug Unicode|Win32.Build.0 = Debug Unicode|Win32
		{190A611A-399F-47F6-B686-DF40C8B20F84}.Debug Unicode|x64.ActiveCfg = Debug Unicode|x64
		{190A611A-399F-47F6-B686-DF40C8B20F84}.Debug Unicode|x64.Build.0 = Debug Unicode|x64
		{190A611A-399F-47F6-B686-DF40C8B20F84}.Debug|Win32.ActiveCfg = Debug|Win32
		{190A611A-399F-47F6-B686-DF40C8B20F84}.Debug|Win32.Build.0 = Debug|Win32
		{190A611A-399F-47F6-B686-DF40C8B20F84}.Debug|x64.ActiveCfg = Debug|x64
		{190A611A-399F-47F6-B686-DF40C8B20F84}.Debug|x64.Build.0 = Debug|x64
		{190A611A-399F-47F6-B686-DF40C8B20F84}.Release Unicode|Win32.ActiveCfg = Release Unicode|Win32
		{190A611A-399F-47F6-B686-DF40C8B20F84}.Release Unicode|Win32.Build.0 = Release Unicode|Win32
		{190A611A-399F-47F6-B686-DF40C8B20F84}.Release Unicode|x64.ActiveCfg = Release Unicode|x64
		{190A611A-399F-47F6-B686-DF40C8B20F84}.Release Unicode|x64.Build.0 = Release Unicode|x64
		{190A611A-399F-47F6-B686-DF40C8B20F84}.Release|Win32.ActiveCfg = Release|Win32
		{190A611A-399F-47F6-B686-DF40C8B20F84}.Release|Win32.Build.0 = Release|Win32
		{190A611A-399F-47F6-B686-DF40C8B20F84}.Release|x64.ActiveCfg = Release|x64
		{190A611A-399F-47F6-B686-DF40C8B20F84}.Release|x64.Build.0 = Release|x64
		{06092F0D-324B-484D-A9ED-397DFF76AE53}.Debug Unicode|Win32.ActiveCfg = Debug Unicode|Win32
		{06092F0D-324B-484D-A9ED-397DFF76AE53}.Debug Unicode|Win32.Build.0 = Debug Unicode|Win32
		{06092F0D-324B-484D-A9ED-397DFF76AE53}.Debug Unicode|x64.ActiveCfg = Debug Unicode|x64
		{06092F0D-324B-484D-A9ED-397DFF76AE53}.Debug Unicode|x64.Build.0 = Debug Unicode|x64
		{06092F0D-324B-484D-A9ED-397DFF76AE53}.Debug|Win32.ActiveCfg = Debug|Win32
		{06092F0D-324B-484D-A9ED-397DFF76AE53}.Debug|Win32.Build.0 = Debug|Win32
		{06092F0D-324B-484D-A9ED-397DFF76AE53}.Debug|x64.ActiveCfg = Debug|x64
		{06092F0D-324B-484D-A9ED-397DFF76AE53}.Debug|x64.Build.0 = Debug|x64
		{06092F0D-324B-484D-A9ED-397DFF76AE53}.Release Unicode|Win32.ActiveCfg = Release Unicode|Win32
		{06092F0D-324B-484D-A9ED-397DFF76AE53}.Release Unicode|Win32.Build.0 = Release Unicode|Win32
		{06092F0D-324B-484D-A9ED-397DFF76AE53}.Release Unicode|x64.ActiveCfg = Release Unicode|x64
		{06092F0D-324B-484D-A9ED-397DFF76AE53}.Release Unicode|x64.Build.0 = Release Unicode|x64
		{06092F0D-324B-484D-A9ED-397DFF76AE53}.Release|Win32.ActiveCfg = Release|Win32
		{06092F0D-324B-484D-A9ED-397DFF76AE53}.Release|Win32.Build.0 = Release|Win32
		{06092F0D-324B-484D-A9ED-397DFF76AE53}.Release|x64.ActiveCfg = Release|x64
		{06092F0D-324B-484D-A9ED-397DFF76AE53}.Release|x64.Build.0 = Release|x64
		{CFCA9C73-C321-48BA-8F29-097FD061EBB1}.Debug Unicode|Win32.ActiveCfg = Debug Unicode|Win32
		{CFCA9C73-C321-48BA-8F29-097FD061EBB1}.Debug Unicode|Win32.Build.0 = Debug Unicode|Win32
		{CFCA9C73-C321-48BA-8F29-097FD061EBB1}.Debug Unicode|x64.ActiveCfg = Debug Unicode|x64
		{CFCA9C73-C321-48BA-8F29-097FD061EBB1}.Debug Unicode|x64.Build.0 = Debug Unicode|x64
		{CFCA9C73-C321-48BA-8F29-097FD061EBB1}.Debug|Win32.ActiveCfg = Debug|Win32
		{CFCA9C73-C321-48BA-8F29-097FD061EBB1}.Debug|Win32.Build.0 = Debug|Win32
		{CFCA9C73-C321-48BA-8F29-097FD061EBB1}.Debug|x64.ActiveCfg = Debug|x64
		{CFCA9C73-C321-48BA-8F29-097FD061EBB1}.Debug|x64.Build.0 = Debug|x64
		{CFCA9C73-C321-48BA-8F29-097FD061EBB1}.Release Unicode|Win32.ActiveCfg = Release Unicode|Win32
		{CFCA9C73-C321-48BA-8F29-097FD061EBB1}.Release Unicode|Win32.Build.0 = Release Unicode|Win32
		{CFCA9C73-C321-48BA-8F29-097FD061EBB1}.Release Unicode|x64.ActiveCfg = Release Unicode|x64
		{CFCA9C73-C321-48BA-8F29-097FD061EBB1}.Release Unicode|x64.Build.0 = Release Unicode|x64
		{CFCA9C73-C321-48BA-8F29-097FD061EBB1}.Release|Win32.ActiveCfg = Release|Win32
		{CFCA9C73-C321-48BA-8F29-097FD061EBB1}.Release|Win32.Build.0 = Release|Win32
		{CFCA9C73-C321-48BA-8F29-097FD061EBB1}.Release|x64.ActiveCfg = Release|x64
		{CFCA9C73-C321-48BA-8F29-097FD061EBB1}.Release|x64.Build.0 = Release|x64
		{CF9387AB-7C10-4217-A248-575EE8610008}.Debug Unicode|Win32.ActiveCfg = Debug Unicode|Win32
		{CF9387AB-7C10-4217-A248-575EE8610008}.Debug Unicode|Win32.Build.0 = Debug Unicode|Win32
		{CF9387AB-7C10-4217-A248-575EE8610008}.Debug Unicode|x64.ActiveCfg = Debug Unicode|x64
		{CF9387AB-7C10-4217-A248-575EE8610008}.Debug Unicode|x64.Build.0 = Debug Unicode|x64
		{CF9387AB-7C10-4217-A248-575EE8610008}.Debug|Win32.ActiveCfg = Debug|Win32
		{CF9387AB-7C10-4217-A248-575EE8610008}.Debug|Win32.Build.0 = Debug|Win32
		{CF9387AB-7C10-4217-A248-575EE8610008}.Debug|x64.ActiveCfg = Debug|x64
		{CF9387AB-7C10-4217-A248-575EE8610008}.Debug|x64.Build.0 = Debug|x64
		{CF9387AB-7C10-4217-A248-575EE8610008}.Release Unicode|Win32.ActiveCfg = Release Unicode|Win32
		{CF9387AB-7C10-4217-A248-575EE8610008}.Release Unicode|Win32.Build.0 = Release Unicode|Win32
		{CF9387AB-7C10-4217-A248-575EE8610008}.Release Unicode|x64.ActiveCfg = Release Unicode|x64
		{CF9387AB-7C10-4217-A248-575EE8610008}.Release Unicode|x64.Build.0 = Release Unicode|x64
		{CF9387AB-7C10-4217-A248-575EE8610008}.Release|Win32.ActiveCfg = Release|Win32
		{CF9387AB-7C10-4217-A248-575EE8610008}.Release|Win32.Build.0 = Release|Win32
		{CF9387AB-7C10-4217-A248-575EE8610008}.Release|x64.ActiveCfg = Release|x64
		{CF9387AB-7C10-4217-A248-575EE8610008}.Release|x64.Build.0 = Release|x64
		{1A02AC8B-51F6-46CD-A5BB-0B3F09FB2ABF}.Debug Unicode|Win32.ActiveCfg = Debug Unicode|Win32
		{1A02AC8B-51F6-46CD-A5BB-0B3F09FB2ABF}.Debug Unicode|Win32.Build.0 = Debug Unicode|Win32
		{1A02AC8B-51F6-46CD-A5BB-0B3F09FB2ABF}.Debug Unicode|x64.ActiveCfg = Debug Unicode|x64
		{1A02AC8B-51F6-46CD-A5BB-0B3F09FB2ABF}.Debug Unicode|x64.Build.0 = Debug Unicode|x64
		{1A02AC8B-51F6-46CD-A5BB-0B3F09FB2ABF}.Debug|Win32.ActiveCfg = Debug|Win32
		{1A02AC8B-51F6-46CD-A5BB-0B3F09FB2ABF}.Debug|Win32.Build.0 = Debug|Win32
		{1A02AC8B-51F6-46CD-A5BB-0B3F09FB2ABF}.Debug|x64.ActiveCfg = Debug|x64
		{1A02AC8B-51F6-46CD-A5BB-0B3F09FB2ABF}.Debug|x64.Build.0 = Debug|x64
		{1A02AC8B-51F6-46CD-A5BB-0B3F09FB2ABF}.Release Unicode|Win32.ActiveCfg = Release Unicode|Win32
		{1A02AC8B-51F6-46CD-A5BB-0B3F09FB2ABF}.Release Unicode|Win32.Build.0 = Release Unicode|Win32
		{1A02AC8B-51F6-46CD-A5BB-0B3F09FB2ABF}.Release Unicode|x64.ActiveCfg = Release Unicode|x64
		{1A02AC8B-51F6-46CD-A5BB-0B3F09FB2ABF}.Release Unicode|x64.Build.0 = Release Unicode|x64
		{1A02AC8B-51F6-46CD-A5BB-0B3F09FB2ABF}.Release|Win32.ActiveCfg = Release|Win32
		{1A02AC8B-51F6-46CD-A5BB-0B3F09FB2ABF}.Release|Win32.Build.0 = Release|Win32
		{1A02AC8B-51F6-46CD-A5BB-0B3F09FB2ABF}.Release|x64.ActiveCfg = Release|x64
		{1A02AC8B-51F6-46CD-A5BB-0B3F09FB2ABF}.Release|x64.Build.0 = Release|x64
		{BC01F636-4D0F-489D-B082-7538025CE185}.Debug Unicode|Win32.ActiveCfg = Debug Unicode|Win32
		{BC01F636-4D0F-489D-B082-7538025CE185}.Debug Unicode|Win32.Build.0 = Debug Unicode|Win32
		{BC01F636-4D0F-489D-B082-7538025CE185}.Debug Unicode|x64.ActiveCfg = Debug Unicode|x64
		{BC01F636-4D0F-489D-B082-7538025CE185}.Debug Unicode|x64.Build.0 = Debug Unicode|x64
		{BC01F636-4D0F-489D-B082-7538025CE185}.Debug|Win32.ActiveCfg = Debug|Win32
		{BC01F636-4D0F-489D-B082-7538025CE185}.Debug|Win32.Build.0 = Debug|Win32
		{BC01F636-4D0F-489D-B082-7538025CE185}.Debug|x64.ActiveCfg = Debug|x64
		{BC01F636-4D0F-489D-B082-7538025CE185}.Debug|x64.Build.0 = Debug|x64
		{BC01F636-4D0F-489D-B082-7538025CE185}.Release Unicode|Win32.ActiveCfg = Release Unicode|Win32
		{BC01F636-4D0F-489D-B082-7538025CE185}.Release Unicode|Win32.Build.0 = Release Unicode|Win32
		{BC01F636-4D0F-489D-B082-7538025CE185}.Release Unicode|x64.ActiveCfg = Release Unicode|x64
		{BC01F636-4D0F-489D-B082-7538025CE185}.Release Unicode|x64.Build.0 = Release Unicode|x64
		{BC01F636-4D0F-489D-B082-7538025CE185}.Release|Win32.ActiveCfg = Release|Win32
		{BC01F636-4D0F-489D-B082-7538025CE185}.Release|Win32.Build.0 = Release|Win32
		{BC01F636-4D0F-489D-B082-7538025CE185}.Release|x64.ActiveCfg = Release|x64
		{BC01F636-4D0F-489D-B082-7538025CE185}.Release|x64.Build.0 = Release|x64
		{C87D1745-76D6-4A2E-B655-23564E398510}.Debug Unicode|Win32.ActiveCfg = Debug Unicode|Win32
		{C87D1745-76D6-4A2E-B655-23564E398510}.Debug Unicode|Win32.Build.0 = Debug Unicode|Win32
		{C87D1745-76D6-4A2E-B655-23564E398510}.Debug Unicode|x64.ActiveCfg = Debug Unicode|x64
		{C87D1745-76D6-4A2E-B655-23564E398510}.Debug Unicode|x64.Build.0 = Debug Unicode|x64
		{C87D1745-76D6-4A2E-B655-23564E398510}.Debug|Win32.ActiveCfg = Debug|Win32
		{C87D1745-76D6-4A2E-B655-23564E398510}.Debug|Win32.Build.0 = Debug|Win32
		{C87D1745-76D6-4A2E-B655-23564E398510}.Debug|x64.ActiveCfg = Debug|x64
		{C87D1745-76D6-4A2E-B655-23564E398510}.Debug|x64.Build.0 = Debug|x64
		{C87D1745-76D6-4A2E-B655-23564E398510}.Release Unicode|Win32.ActiveCfg = Release Unicode|Win32
		{C87D1745-76D6-4A2E-B655-23564E398510}.Release Unicode|Win32.Build.0 = Release Unicode|Win32
		{C87D1745-76D6-4A2E-B655-23564E398510}.Release Unicode|x64.ActiveCfg = Release Unicode|x64
		{C87D1745-76D6-4A2E-B655-23564E398510}.Release Unicode|x64.Build.0 = Release Unicode|x64
		{C87D1745-76D6-4A2E-B655-23564E398510}.Release|Win32.ActiveCfg = Release|Win32
		{C87D1745-76D6-4A2E-B655-23564E398510}.Release|Win32.Build.0 = Release|Win32
		{C87D1745-76D6-4A2E-B655-23564E398510}.Release|x64.ActiveCfg = Release|x64
		{C87D1745-76D6-4A2E-B655-23564E398510}.Release|x64.Build.0 = Release|x64
		{05ED8488-418B-499C-895B-5654C64209F6}.Debug Unicode|Win32.ActiveCfg = Debug Unicode|Win32
		{05ED8488-418B-499C-895B-5654C64209F6}.Debug Unicode|Win32.Build.0 = Debug Unicode|Win32
		{05ED8488-418B-499C-895B-5654C64209F6}.Debug Unicode|x64.ActiveCfg = Debug Unicode|x64
		{05ED8488-418B-499C-895B-5654C64209F6}.Debug Unicode|x64.Build.0 = Debug Unicode|x64
		{05ED8488-418B-499C-895B-5654C64209F6}.Debug|Win32.ActiveCfg = Debug|Win32
		{05ED8488-418B-499C-895B-5654C64209F6}.Debug|Win32.Build.0 = Debug|Win32
		{05ED8488-418B-499C-895B-5654C64209F6}.Debug|x64.ActiveCfg = Debug|x64
		{05ED8488-418B-499C-895B-5654C64209F6}.Debug|x64.Build.0 = Debug|x64
		{05ED8488-418B-499C-895B-5654C64209F6}.Release Unicode|Win32.ActiveCfg = Release Unicode|Win32
		{05ED8488-418B-499C-895B-5654C64209F6}.Release Unicode|Win32.Build.0 = Release Unicode|Win32
		{05ED8488-418B-499C-895B-5654C64209F6}.Release Unicode|x64.ActiveCfg = Release Unicode|x64
		{05ED8488-418B-499C-895B-5654C64209F6}.Release Unicode|x64.Build.0 = Release Unicode|x64
		{05ED8488-418B-499C-895B-5654C64209F6}.Release|Win32.ActiveCfg = Release|Win32
		{05ED8488-418B-499C-895B-5654C64209F6}.Release|Win32.Build.0 = Release|Win32
		{05ED8488-418B-499C-895B-5654C64209F6}.Release|x64.ActiveCfg = Release|x64
		{05ED8488-418B-499C-895B-5654C64209F6}.Release|x64.Build.0 = Release|x64
		{42C56E94-62D5-45EC-9746-F2349992C028}.Debug Unicode|Win32.ActiveCfg = Debug Unicode|Win32
		{42C56E94-62D5-45EC-9746-F2349992C028}.Debug Unicode|Win32.Build.0 = Debug Unicode|Win32
		{42C56E94-62D5-45EC-9746-F2349992C028}.Debug Unicode|x64.ActiveCfg = Debug Unicode|x64
		{42C56E94-62D5-45EC-9746-F2349992C028}.Debug Unicode|x64.Build.0 = Debug Unicode|x64
		{42C56E94-62D5-45EC-9746-F2349992C028}.Debug|Win32.ActiveCfg = Debug|Win32
		{42C56E94-62D5-45EC-9746-F2349992C028}.Debug|Win32.Build.0 = Debug|Win32
		{42C56E94-62D5-45EC-9746-F2349992C028}.Debug|x64.ActiveCfg = Debug|x64
		{42C56E94-62D5-45EC-9746-F2349992C028}.Debug|x64.Build.0 = Debug|x64
		{42C56E94-62D5-45EC-9746-F2349992C028}.Release Unicode|Win32.ActiveCfg = Release Unicode|Win32
		{42C56E94-62D5-45EC-9746-F2349992C028}.Release Unicode|Win32.Build.0 = Release Unicode|Win32
		{42C56E94-62D5-45EC-9746-F2349992C028}.Release Unicode|x64.ActiveCfg = Release Unicode|x64
		{42C56E94-62D5-45EC-9746-F2349992C028}.Release Unicode|x64.Build.0 = Release Unicode|x64
		{42C56E94-62D5-45EC-9746-F2349992C028}.Release|Win32.ActiveCfg = Release|Win32
		{42C56E94-62D5-45EC-9746-F2349992C028}.Release|Win32.Build.0 = Release|Win32
		{42C56E94-62D5-45EC-9746-F2349992C028}.Release|x64.ActiveCfg = Release|x64
		{42C56E94-62D5-45EC-9746-F2349992C028}.Release|x64.Build.0 = Release|x64
		{8622467A-855F-4A85-9403-591CDF7C5D75}.Debug Unicode|Win32.ActiveCfg = Debug Unicode|Win32
		{8622467A-855F-4A85-9403-591CDF7C5D75}.Debug Unicode|Win32.Build.0 = Debug Unicode|Win32
		{8622467A-855F-4A85-9403-591CDF7C5D75}.Debug Unicode|x64.ActiveCfg = Debug Unicode|x64
		{8622467A-855F-4A85-9403-591CDF7C5D75}.Debug Unicode|x64.Build.0 = Debug Unicode|x64
		{8622467A-855F-4A85-9403-591CDF7C5D75}.Debug|Win32.ActiveCfg = Debug|Win32
		{8622467A-855F-4A85-9403-591CDF7C5D75}.Debug|Win32.Build.0 = Debug|Win32
		{8622467A-855F-4A85-9403-591CDF7C5D75}.Debug|x64.ActiveCfg = Debug|x64
		{8622467A-855F-4A85-9403-591CDF7C5D75}.Debug|x64.Build.0 = Debug|x64
		{8622467A-855F-4A85-9403-591CDF7C5D75}.Release Unicode|Win32.ActiveCfg = Release Unicode|Win32
		{8622467A-855F-4A85-9403-591CDF7C5D75}.Release Unicode|Win32.Build.0 = Release Unicode|Win32
		{8622467A-855F-4A85-9403-591CDF7C5D75}.Release Unicode|x64.ActiveCfg = Release Unicode|x64
		{8622467A-855F-4A85-9403-591CDF7C5D75}.Release Unicode|x64.Build.0 = Release Unicode|x64
		{8622467A-855F-4A85-9403-591CDF7C5D75}.Release|Win32.ActiveCfg = Release|Win32
		{8622467A-855F-4A85-9403-591CDF7C5D75}.Release|Win32.Build.0 = Release|Win32
		{8622467A-855F-4A85-9403-591CDF7C5D75}.Release|x64.ActiveCfg = Release|x64
		{8622467A-855F-4A85-9403-591CDF7C5D75}.Release|x64.Build.0 = Release|x64
	EndGlobalSection
	GlobalSection(SolutionProperties) = preSolution
		HideSolutionNode = FALSE
	EndGlobalSection
EndGlobal
