Microsoft Visual Studio Solution File, Format Version 10.00
# Visual Studio 2008
Project("{8BC9CEB8-8B4A-11D0-8D11-00A0C91BC942}") = "Editor", "Editor\Editor.vcproj", "{42ACA40F-393C-4412-9709-CBAA776D1537}"
EndProject
Project("{8BC9CEB8-8B4A-11D0-8D11-00A0C91BC942}") = "Foundation", "Foundation\Foundation.vcproj", "{424446E0-C562-4BF6-87F6-A1AA9DFFE9BD}"
EndProject
Project("{8BC9CEB8-8B4A-11D0-8D11-00A0C91BC942}") = "Pipeline", "Pipeline\Pipeline.vcproj", "{6005C4B7-F1A0-442F-81AA-1377FF18F910}"
EndProject
Project("{8BC9CEB8-8B4A-11D0-8D11-00A0C91BC942}") = "Platform", "Platform\Platform.vcproj", "{4BC148DF-F832-4724-B9B9-2550D848E737}"
EndProject
Project("{8BC9CEB8-8B4A-11D0-8D11-00A0C91BC942}") = "Core", "Core\Core.vcproj", "{9955828E-1B8C-407D-9559-BFCE158A2B7D}"
EndProject
Global
	GlobalSection(SolutionConfigurationPlatforms) = preSolution
		Debug Unicode|Win32 = Debug Unicode|Win32
		Debug Unicode|x64 = Debug Unicode|x64
		Debug|Win32 = Debug|Win32
		Debug|x64 = Debug|x64
		Release Unicode|Win32 = Release Unicode|Win32
		Release Unicode|x64 = Release Unicode|x64
		Release|Win32 = Release|Win32
		Release|x64 = Release|x64
	EndGlobalSection
	GlobalSection(ProjectConfigurationPlatforms) = postSolution
		{42ACA40F-393C-4412-9709-CBAA776D1537}.Debug Unicode|Win32.ActiveCfg = Debug Unicode|Win32
		{42ACA40F-393C-4412-9709-CBAA776D1537}.Debug Unicode|Win32.Build.0 = Debug Unicode|Win32
		{42ACA40F-393C-4412-9709-CBAA776D1537}.Debug Unicode|x64.ActiveCfg = Debug Unicode|x64
		{42ACA40F-393C-4412-9709-CBAA776D1537}.Debug Unicode|x64.Build.0 = Debug Unicode|x64
		{42ACA40F-393C-4412-9709-CBAA776D1537}.Debug|Win32.ActiveCfg = Debug|Win32
		{42ACA40F-393C-4412-9709-CBAA776D1537}.Debug|Win32.Build.0 = Debug|Win32
		{42ACA40F-393C-4412-9709-CBAA776D1537}.Debug|x64.ActiveCfg = Debug|x64
		{42ACA40F-393C-4412-9709-CBAA776D1537}.Debug|x64.Build.0 = Debug|x64
		{42ACA40F-393C-4412-9709-CBAA776D1537}.Release Unicode|Win32.ActiveCfg = Release Unicode|Win32
		{42ACA40F-393C-4412-9709-CBAA776D1537}.Release Unicode|Win32.Build.0 = Release Unicode|Win32
		{42ACA40F-393C-4412-9709-CBAA776D1537}.Release Unicode|x64.ActiveCfg = Release Unicode|x64
		{42ACA40F-393C-4412-9709-CBAA776D1537}.Release Unicode|x64.Build.0 = Release Unicode|x64
		{42ACA40F-393C-4412-9709-CBAA776D1537}.Release|Win32.ActiveCfg = Release|Win32
		{42ACA40F-393C-4412-9709-CBAA776D1537}.Release|Win32.Build.0 = Release|Win32
		{42ACA40F-393C-4412-9709-CBAA776D1537}.Release|x64.ActiveCfg = Release|x64
		{42ACA40F-393C-4412-9709-CBAA776D1537}.Release|x64.Build.0 = Release|x64
		{424446E0-C562-4BF6-87F6-A1AA9DFFE9BD}.Debug Unicode|Win32.ActiveCfg = Debug Unicode|Win32
		{424446E0-C562-4BF6-87F6-A1AA9DFFE9BD}.Debug Unicode|Win32.Build.0 = Debug Unicode|Win32
		{424446E0-C562-4BF6-87F6-A1AA9DFFE9BD}.Debug Unicode|x64.ActiveCfg = Debug Unicode|x64
		{424446E0-C562-4BF6-87F6-A1AA9DFFE9BD}.Debug Unicode|x64.Build.0 = Debug Unicode|x64
		{424446E0-C562-4BF6-87F6-A1AA9DFFE9BD}.Debug|Win32.ActiveCfg = Debug|Win32
		{424446E0-C562-4BF6-87F6-A1AA9DFFE9BD}.Debug|Win32.Build.0 = Debug|Win32
		{424446E0-C562-4BF6-87F6-A1AA9DFFE9BD}.Debug|x64.ActiveCfg = Debug|x64
		{424446E0-C562-4BF6-87F6-A1AA9DFFE9BD}.Debug|x64.Build.0 = Debug|x64
		{424446E0-C562-4BF6-87F6-A1AA9DFFE9BD}.Release Unicode|Win32.ActiveCfg = Release Unicode|Win32
		{424446E0-C562-4BF6-87F6-A1AA9DFFE9BD}.Release Unicode|Win32.Build.0 = Release Unicode|Win32
		{424446E0-C562-4BF6-87F6-A1AA9DFFE9BD}.Release Unicode|x64.ActiveCfg = Release Unicode|x64
		{424446E0-C562-4BF6-87F6-A1AA9DFFE9BD}.Release Unicode|x64.Build.0 = Release Unicode|x64
		{424446E0-C562-4BF6-87F6-A1AA9DFFE9BD}.Release|Win32.ActiveCfg = Release|Win32
		{424446E0-C562-4BF6-87F6-A1AA9DFFE9BD}.Release|Win32.Build.0 = Release|Win32
		{424446E0-C562-4BF6-87F6-A1AA9DFFE9BD}.Release|x64.ActiveCfg = Release|x64
		{424446E0-C562-4BF6-87F6-A1AA9DFFE9BD}.Release|x64.Build.0 = Release|x64
		{6005C4B7-F1A0-442F-81AA-1377FF18F910}.Debug Unicode|Win32.ActiveCfg = Debug Unicode|Win32
		{6005C4B7-F1A0-442F-81AA-1377FF18F910}.Debug Unicode|Win32.Build.0 = Debug Unicode|Win32
		{6005C4B7-F1A0-442F-81AA-1377FF18F910}.Debug Unicode|x64.ActiveCfg = Debug Unicode|x64
		{6005C4B7-F1A0-442F-81AA-1377FF18F910}.Debug Unicode|x64.Build.0 = Debug Unicode|x64
		{6005C4B7-F1A0-442F-81AA-1377FF18F910}.Debug|Win32.ActiveCfg = Debug|Win32
		{6005C4B7-F1A0-442F-81AA-1377FF18F910}.Debug|Win32.Build.0 = Debug|Win32
		{6005C4B7-F1A0-442F-81AA-1377FF18F910}.Debug|x64.ActiveCfg = Debug|x64
		{6005C4B7-F1A0-442F-81AA-1377FF18F910}.Debug|x64.Build.0 = Debug|x64
		{6005C4B7-F1A0-442F-81AA-1377FF18F910}.Release Unicode|Win32.ActiveCfg = Release Unicode|Win32
		{6005C4B7-F1A0-442F-81AA-1377FF18F910}.Release Unicode|Win32.Build.0 = Release Unicode|Win32
		{6005C4B7-F1A0-442F-81AA-1377FF18F910}.Release Unicode|x64.ActiveCfg = Release Unicode|x64
		{6005C4B7-F1A0-442F-81AA-1377FF18F910}.Release Unicode|x64.Build.0 = Release Unicode|x64
		{6005C4B7-F1A0-442F-81AA-1377FF18F910}.Release|Win32.ActiveCfg = Release|Win32
		{6005C4B7-F1A0-442F-81AA-1377FF18F910}.Release|Win32.Build.0 = Release|Win32
		{6005C4B7-F1A0-442F-81AA-1377FF18F910}.Release|x64.ActiveCfg = Release|x64
		{6005C4B7-F1A0-442F-81AA-1377FF18F910}.Release|x64.Build.0 = Release|x64
		{4BC148DF-F832-4724-B9B9-2550D848E737}.Debug Unicode|Win32.ActiveCfg = Debug Unicode|Win32
		{4BC148DF-F832-4724-B9B9-2550D848E737}.Debug Unicode|Win32.Build.0 = Debug Unicode|Win32
		{4BC148DF-F832-4724-B9B9-2550D848E737}.Debug Unicode|x64.ActiveCfg = Debug Unicode|x64
		{4BC148DF-F832-4724-B9B9-2550D848E737}.Debug Unicode|x64.Build.0 = Debug Unicode|x64
		{4BC148DF-F832-4724-B9B9-2550D848E737}.Debug|Win32.ActiveCfg = Debug|Win32
		{4BC148DF-F832-4724-B9B9-2550D848E737}.Debug|Win32.Build.0 = Debug|Win32
		{4BC148DF-F832-4724-B9B9-2550D848E737}.Debug|x64.ActiveCfg = Debug|x64
		{4BC148DF-F832-4724-B9B9-2550D848E737}.Debug|x64.Build.0 = Debug|x64
		{4BC148DF-F832-4724-B9B9-2550D848E737}.Release Unicode|Win32.ActiveCfg = Release Unicode|Win32
		{4BC148DF-F832-4724-B9B9-2550D848E737}.Release Unicode|Win32.Build.0 = Release Unicode|Win32
		{4BC148DF-F832-4724-B9B9-2550D848E737}.Release Unicode|x64.ActiveCfg = Release Unicode|x64
		{4BC148DF-F832-4724-B9B9-2550D848E737}.Release Unicode|x64.Build.0 = Release Unicode|x64
		{4BC148DF-F832-4724-B9B9-2550D848E737}.Release|Win32.ActiveCfg = Release|Win32
		{4BC148DF-F832-4724-B9B9-2550D848E737}.Release|Win32.Build.0 = Release|Win32
		{4BC148DF-F832-4724-B9B9-2550D848E737}.Release|x64.ActiveCfg = Release|x64
		{4BC148DF-F832-4724-B9B9-2550D848E737}.Release|x64.Build.0 = Release|x64
		{9955828E-1B8C-407D-9559-BFCE158A2B7D}.Debug Unicode|Win32.ActiveCfg = Debug Unicode|Win32
		{9955828E-1B8C-407D-9559-BFCE158A2B7D}.Debug Unicode|Win32.Build.0 = Debug Unicode|Win32
		{9955828E-1B8C-407D-9559-BFCE158A2B7D}.Debug Unicode|x64.ActiveCfg = Debug Unicode|x64
		{9955828E-1B8C-407D-9559-BFCE158A2B7D}.Debug Unicode|x64.Build.0 = Debug Unicode|x64
		{9955828E-1B8C-407D-9559-BFCE158A2B7D}.Debug|Win32.ActiveCfg = Debug|Win32
		{9955828E-1B8C-407D-9559-BFCE158A2B7D}.Debug|Win32.Build.0 = Debug|Win32
		{9955828E-1B8C-407D-9559-BFCE158A2B7D}.Debug|x64.ActiveCfg = Debug|x64
		{9955828E-1B8C-407D-9559-BFCE158A2B7D}.Debug|x64.Build.0 = Debug|x64
		{9955828E-1B8C-407D-9559-BFCE158A2B7D}.Release Unicode|Win32.ActiveCfg = Release Unicode|Win32
		{9955828E-1B8C-407D-9559-BFCE158A2B7D}.Release Unicode|Win32.Build.0 = Release Unicode|Win32
		{9955828E-1B8C-407D-9559-BFCE158A2B7D}.Release Unicode|x64.ActiveCfg = Release Unicode|x64
		{9955828E-1B8C-407D-9559-BFCE158A2B7D}.Release Unicode|x64.Build.0 = Release Unicode|x64
		{9955828E-1B8C-407D-9559-BFCE158A2B7D}.Release|Win32.ActiveCfg = Release|Win32
		{9955828E-1B8C-407D-9559-BFCE158A2B7D}.Release|Win32.Build.0 = Release|Win32
		{9955828E-1B8C-407D-9559-BFCE158A2B7D}.Release|x64.ActiveCfg = Release|x64
		{9955828E-1B8C-407D-9559-BFCE158A2B7D}.Release|x64.Build.0 = Release|x64
	EndGlobalSection
	GlobalSection(SolutionProperties) = preSolution
		HideSolutionNode = FALSE
	EndGlobalSection
EndGlobal
